// !$*UTF8*$!
{
	archiveVersion = 1;
	classes = {
	};
	objectVersion = 46;
	objects = {

/* Begin PBXBuildFile section */
		028ECA6D742013C920B86F66 /* LocalStore.swift in Sources */ = {isa = PBXBuildFile; fileRef = 33F807B89869DD7C0CEDA979 /* LocalStore.swift */; };
		05D146910B3DE0A795F75B8F /* LyricRenderingTests.swift in Sources */ = {isa = PBXBuildFile; fileRef = 7602830ECB28E95EB405170C /* LyricRenderingTests.swift */; };
		05F8074AA0A75BC80DCE7376 /* GuitarDiagram.swift in Sources */ = {isa = PBXBuildFile; fileRef = 6D7AA6AAE6AEB1362E2A6981 /* GuitarDiagram.swift */; };
		07B23A9D1D09E45B967F1877 /* PlaybackIntegrationTests.swift in Sources */ = {isa = PBXBuildFile; fileRef = 25359F41780E9439C0E9071C /* PlaybackIntegrationTests.swift */; };
		07BAC94316D854FA45B358F8 /* LyricRendering.swift in Sources */ = {isa = PBXBuildFile; fileRef = 072588E27DF47B5EC161ED74 /* LyricRendering.swift */; };
		1E8EBDC235D9FEB2DFC9F24D /* Cocoa.framework in Frameworks */ = {isa = PBXBuildFile; fileRef = 0DB8F859A8391928B3069D95 /* Cocoa.framework */; };
		22534F86DCAE1949544280F1 /* CreatorCommunityView.swift in Sources */ = {isa = PBXBuildFile; fileRef = 3DC72BAA53DB8D9403804076 /* CreatorCommunityView.swift */; };
		268C1DCC6CDB7687C46F58EE /* PracticeGuidanceTests.swift in Sources */ = {isa = PBXBuildFile; fileRef = 1AADE24237A7449010E80B7C /* PracticeGuidanceTests.swift */; };
		2AE431E8311CB2642154C1CC /* LessonsView.swift in Sources */ = {isa = PBXBuildFile; fileRef = DC4C086EE9E4542BB33F8032 /* LessonsView.swift */; };
		35E6AC2827F20ABFDA368237 /* Assets.xcassets in Resources */ = {isa = PBXBuildFile; fileRef = EB37E5D30908908791558ADE /* Assets.xcassets */; };
		4257684F76F99EA84836D1A0 /* MacReview.swift in Sources */ = {isa = PBXBuildFile; fileRef = 5B586732B0F18AA6F0819DE0 /* MacReview.swift */; };
		435BC397B51C2BABA5499FAA /* CreatorView.swift in Sources */ = {isa = PBXBuildFile; fileRef = 90AFE528AA54752D27AE4FC4 /* CreatorView.swift */; };
		43B35C58CDBAA57503BE3DAE /* CreatorCoreTests.swift in Sources */ = {isa = PBXBuildFile; fileRef = 6DBC6EFD587EE349550ADC77 /* CreatorCoreTests.swift */; };
		4409B8AC7C0925B24C97A431 /* MusiaCore.framework in Embed Frameworks */ = {isa = PBXBuildFile; fileRef = 08EA6197BA3CF43D65787B8C /* MusiaCore.framework */; settings = {ATTRIBUTES = (CodeSignOnCopy, RemoveHeadersOnCopy, ); }; };
		45E88F780E2DD87D58897149 /* FirstPulse.swift in Sources */ = {isa = PBXBuildFile; fileRef = E810112138C038E47B9143AF /* FirstPulse.swift */; };
		46C44121E49FEFE0920C952D /* CreatorAuthentication.swift in Sources */ = {isa = PBXBuildFile; fileRef = CE94DA20ADF63F91701E5CFE /* CreatorAuthentication.swift */; };
		4D36D6BF479150F5B73F0BEC /* MacPlaybackTests.swift in Sources */ = {isa = PBXBuildFile; fileRef = D26090EDFBD1AA08BFF4890E /* MacPlaybackTests.swift */; };
		4DF05F65BFC53AE9C71BEC2A /* PlaybackController.swift in Sources */ = {isa = PBXBuildFile; fileRef = DF1CA535FEB54183AFBD4FA9 /* PlaybackController.swift */; };
		54F5661610AD74038FCFCCE9 /* APIClient.swift in Sources */ = {isa = PBXBuildFile; fileRef = B2021CFB3887438C739C410C /* APIClient.swift */; };
		62ABD401DF74F36E8ED4332F /* PracticeView.swift in Sources */ = {isa = PBXBuildFile; fileRef = 7C881BE2100BFD5E22B9707B /* PracticeView.swift */; };
		6678A8974EBB540BCF6A31D2 /* BeginnerPractice.swift in Sources */ = {isa = PBXBuildFile; fileRef = 45E135BDB197D8727FC0F1DC /* BeginnerPractice.swift */; };
		7A42E03D4AA58C9DCC47752C /* MusiaCore.framework in Frameworks */ = {isa = PBXBuildFile; fileRef = 08EA6197BA3CF43D65787B8C /* MusiaCore.framework */; };
		7CAEF211C67C41449D2EF03B /* History.swift in Sources */ = {isa = PBXBuildFile; fileRef = 0C42633BE4EEEC7C636F38FD /* History.swift */; };
		801DE102ECF4A8E4E99211FF /* Cocoa.framework in Frameworks */ = {isa = PBXBuildFile; fileRef = 0DB8F859A8391928B3069D95 /* Cocoa.framework */; };
		8585B6BDAEA3A3CD0D7AC3D1 /* Timeline.swift in Sources */ = {isa = PBXBuildFile; fileRef = CD52310B74D66268F4009EA0 /* Timeline.swift */; };
		868FED705B02DD8C421214B5 /* MusiaCore.framework in Frameworks */ = {isa = PBXBuildFile; fileRef = 08EA6197BA3CF43D65787B8C /* MusiaCore.framework */; };
		88F30B48565509653D79A0D4 /* HistoryView.swift in Sources */ = {isa = PBXBuildFile; fileRef = 884493A6C414738FB25EEB08 /* HistoryView.swift */; };
		8BAD775FDBD5069C6CA4E732 /* BeginnerPracticeView.swift in Sources */ = {isa = PBXBuildFile; fileRef = 064F9122F872E10C6F647445 /* BeginnerPracticeView.swift */; };
		8C6A0DA960BCA97FCCD20C1B /* APIClientTests.swift in Sources */ = {isa = PBXBuildFile; fileRef = 04A577D9F4CC2D90C783F318 /* APIClientTests.swift */; };
		91880C563075DCA361C04D43 /* Models.swift in Sources */ = {isa = PBXBuildFile; fileRef = 72BCE90DFB17542A33C464BF /* Models.swift */; };
		9341A0A656827A934F2E1BC9 /* PrivacyInfo.xcprivacy in Resources */ = {isa = PBXBuildFile; fileRef = 73639B5716CB6C49029F5FFD /* PrivacyInfo.xcprivacy */; };
		9944687C20458B48EEB42EDA /* TimelineTests.swift in Sources */ = {isa = PBXBuildFile; fileRef = 1862A48EDDC75102B79A311F /* TimelineTests.swift */; };
		9B29D1801A6AA3DD908AC962 /* CreatorBillingStore.swift in Sources */ = {isa = PBXBuildFile; fileRef = 920167BCC3F44D8A9784EA2C /* CreatorBillingStore.swift */; };
		AA5FBA1EC8517190589B6896 /* MusiaMacApp.swift in Sources */ = {isa = PBXBuildFile; fileRef = EDFA412DB26AA7FDB994C654 /* MusiaMacApp.swift */; };
		AC55E5652F482BCE19CACD46 /* LibraryView.swift in Sources */ = {isa = PBXBuildFile; fileRef = AB143DBC5059B406401C8145 /* LibraryView.swift */; };
		B4303F6549C70DC124F8A10B /* CatalogStore.swift in Sources */ = {isa = PBXBuildFile; fileRef = EDBD9A814CB2D422F234B05E /* CatalogStore.swift */; };
		B459D3E28A64EFF361A34E7D /* BeginnerPracticeTests.swift in Sources */ = {isa = PBXBuildFile; fileRef = 0481FA92F2973130E7ABB110 /* BeginnerPracticeTests.swift */; };
		B871EC5B623D74FCADD64D90 /* Components.swift in Sources */ = {isa = PBXBuildFile; fileRef = 3D12A8D7928BB3D640F2EE7A /* Components.swift */; };
		BDCD12886215C4E4664B9469 /* PracticeGuidance.swift in Sources */ = {isa = PBXBuildFile; fileRef = C3DEF89D0B674304E4731030 /* PracticeGuidance.swift */; };
		C159BAB13C126BF11806E065 /* GuitarShape.swift in Sources */ = {isa = PBXBuildFile; fileRef = D3C4D206AF0EE137F4EC2EA1 /* GuitarShape.swift */; };
		C2D2137BE9ACA12BC68AD35F /* LiveContractTests.swift in Sources */ = {isa = PBXBuildFile; fileRef = 2C6DE834126B14A037931047 /* LiveContractTests.swift */; };
		C5236750AD4763AD63AAB704 /* CreatorAPI.swift in Sources */ = {isa = PBXBuildFile; fileRef = 2817B177E5A84A6CA567D98B /* CreatorAPI.swift */; };
		C6567A8859F795F67671CAAF /* CreatorModels.swift in Sources */ = {isa = PBXBuildFile; fileRef = 6ADC38C6C089A3E9B951CDF4 /* CreatorModels.swift */; };
		C6F4B0EAF9B17345E6B4F795 /* Cocoa.framework in Frameworks */ = {isa = PBXBuildFile; fileRef = 0DB8F859A8391928B3069D95 /* Cocoa.framework */; };
		E114066FFEA40895E0262818 /* CreatorStore.swift in Sources */ = {isa = PBXBuildFile; fileRef = 4318B24011477E793688BBC2 /* CreatorStore.swift */; };
		E438A9010868EC6D53334068 /* CreatorAccountView.swift in Sources */ = {isa = PBXBuildFile; fileRef = 59988017DFF268BD304FB047 /* CreatorAccountView.swift */; };
		EA0F7F882F2E9E06834EE158 /* ContractTests.swift in Sources */ = {isa = PBXBuildFile; fileRef = 5AA8D5C54565A6B93C77C0A7 /* ContractTests.swift */; };
		FB487F07640D56145B41FC13 /* CreatorAPITests.swift in Sources */ = {isa = PBXBuildFile; fileRef = 32ACE6D6E824F986892A8334 /* CreatorAPITests.swift */; };
/* End PBXBuildFile section */

/* Begin PBXContainerItemProxy section */
		1248471E38876AE5DF3C75D0 /* PBXContainerItemProxy */ = {
			isa = PBXContainerItemProxy;
			containerPortal = 3463D3A5220E9427C5AB7E68 /* Project object */;
			proxyType = 1;
			remoteGlobalIDString = 40376A9ED30C807D81869246;
			remoteInfo = Musia;
		};
		7FA37862ADAE1A7E36156903 /* PBXContainerItemProxy */ = {
			isa = PBXContainerItemProxy;
			containerPortal = 3463D3A5220E9427C5AB7E68 /* Project object */;
			proxyType = 1;
			remoteGlobalIDString = 9902676B2E99036CA05483A3;
			remoteInfo = MusiaCore;
		};
		8C45575E8538883BE96D7831 /* PBXContainerItemProxy */ = {
			isa = PBXContainerItemProxy;
			containerPortal = 3463D3A5220E9427C5AB7E68 /* Project object */;
			proxyType = 1;
			remoteGlobalIDString = 9902676B2E99036CA05483A3;
			remoteInfo = MusiaCore;
		};
/* End PBXContainerItemProxy section */

/* Begin PBXCopyFilesBuildPhase section */
		1729A09263F093D141F7F4C4 /* Embed Frameworks */ = {
			isa = PBXCopyFilesBuildPhase;
			buildActionMask = 2147483647;
			dstPath = "";
			dstSubfolderSpec = 10;
			files = (
				4409B8AC7C0925B24C97A431 /* MusiaCore.framework in Embed Frameworks */,
			);
			name = "Embed Frameworks";
			runOnlyForDeploymentPostprocessing = 0;
		};
/* End PBXCopyFilesBuildPhase section */

/* Begin PBXFileReference section */
		0481FA92F2973130E7ABB110 /* BeginnerPracticeTests.swift */ = {isa = PBXFileReference; includeInIndex = 1; lastKnownFileType = sourcecode.swift; path = BeginnerPracticeTests.swift; sourceTree = "<group>"; };
		04A577D9F4CC2D90C783F318 /* APIClientTests.swift */ = {isa = PBXFileReference; includeInIndex = 1; lastKnownFileType = sourcecode.swift; path = APIClientTests.swift; sourceTree = "<group>"; };
		064F9122F872E10C6F647445 /* BeginnerPracticeView.swift */ = {isa = PBXFileReference; includeInIndex = 1; lastKnownFileType = sourcecode.swift; path = BeginnerPracticeView.swift; sourceTree = "<group>"; };
		072588E27DF47B5EC161ED74 /* LyricRendering.swift */ = {isa = PBXFileReference; includeInIndex = 1; lastKnownFileType = sourcecode.swift; path = LyricRendering.swift; sourceTree = "<group>"; };
		08EA6197BA3CF43D65787B8C /* MusiaCore.framework */ = {isa = PBXFileReference; explicitFileType = wrapper.framework; includeInIndex = 0; path = MusiaCore.framework; sourceTree = BUILT_PRODUCTS_DIR; };
		0C42633BE4EEEC7C636F38FD /* History.swift */ = {isa = PBXFileReference; includeInIndex = 1; lastKnownFileType = sourcecode.swift; path = History.swift; sourceTree = "<group>"; };
		0DB8F859A8391928B3069D95 /* Cocoa.framework */ = {isa = PBXFileReference; lastKnownFileType = wrapper.framework; name = Cocoa.framework; path = Platforms/MacOSX.platform/Developer/SDKs/MacOSX26.0.sdk/System/Library/Frameworks/Cocoa.framework; sourceTree = DEVELOPER_DIR; };
		1862A48EDDC75102B79A311F /* TimelineTests.swift */ = {isa = PBXFileReference; includeInIndex = 1; lastKnownFileType = sourcecode.swift; path = TimelineTests.swift; sourceTree = "<group>"; };
		1AADE24237A7449010E80B7C /* PracticeGuidanceTests.swift */ = {isa = PBXFileReference; includeInIndex = 1; lastKnownFileType = sourcecode.swift; path = PracticeGuidanceTests.swift; sourceTree = "<group>"; };
		25359F41780E9439C0E9071C /* PlaybackIntegrationTests.swift */ = {isa = PBXFileReference; includeInIndex = 1; lastKnownFileType = sourcecode.swift; path = PlaybackIntegrationTests.swift; sourceTree = "<group>"; };
		2817B177E5A84A6CA567D98B /* CreatorAPI.swift */ = {isa = PBXFileReference; includeInIndex = 1; lastKnownFileType = sourcecode.swift; path = CreatorAPI.swift; sourceTree = "<group>"; };
		2C6DE834126B14A037931047 /* LiveContractTests.swift */ = {isa = PBXFileReference; includeInIndex = 1; lastKnownFileType = sourcecode.swift; path = LiveContractTests.swift; sourceTree = "<group>"; };
		32ACE6D6E824F986892A8334 /* CreatorAPITests.swift */ = {isa = PBXFileReference; includeInIndex = 1; lastKnownFileType = sourcecode.swift; path = CreatorAPITests.swift; sourceTree = "<group>"; };
		33F807B89869DD7C0CEDA979 /* LocalStore.swift */ = {isa = PBXFileReference; includeInIndex = 1; lastKnownFileType = sourcecode.swift; path = LocalStore.swift; sourceTree = "<group>"; };
		3D12A8D7928BB3D640F2EE7A /* Components.swift */ = {isa = PBXFileReference; includeInIndex = 1; lastKnownFileType = sourcecode.swift; path = Components.swift; sourceTree = "<group>"; };
		3DC72BAA53DB8D9403804076 /* CreatorCommunityView.swift */ = {isa = PBXFileReference; includeInIndex = 1; lastKnownFileType = sourcecode.swift; path = CreatorCommunityView.swift; sourceTree = "<group>"; };
		4318B24011477E793688BBC2 /* CreatorStore.swift */ = {isa = PBXFileReference; includeInIndex = 1; lastKnownFileType = sourcecode.swift; path = CreatorStore.swift; sourceTree = "<group>"; };
		45E135BDB197D8727FC0F1DC /* BeginnerPractice.swift */ = {isa = PBXFileReference; includeInIndex = 1; lastKnownFileType = sourcecode.swift; path = BeginnerPractice.swift; sourceTree = "<group>"; };
		59988017DFF268BD304FB047 /* CreatorAccountView.swift */ = {isa = PBXFileReference; includeInIndex = 1; lastKnownFileType = sourcecode.swift; path = CreatorAccountView.swift; sourceTree = "<group>"; };
		5AA8D5C54565A6B93C77C0A7 /* ContractTests.swift */ = {isa = PBXFileReference; includeInIndex = 1; lastKnownFileType = sourcecode.swift; path = ContractTests.swift; sourceTree = "<group>"; };
		5B586732B0F18AA6F0819DE0 /* MacReview.swift */ = {isa = PBXFileReference; includeInIndex = 1; lastKnownFileType = sourcecode.swift; path = MacReview.swift; sourceTree = "<group>"; };
		64C4DAFEED43F6B4E683F3A0 /* Info.plist */ = {isa = PBXFileReference; includeInIndex = 1; lastKnownFileType = text.plist.xml; path = Info.plist; sourceTree = "<group>"; };
		6ADC38C6C089A3E9B951CDF4 /* CreatorModels.swift */ = {isa = PBXFileReference; includeInIndex = 1; lastKnownFileType = sourcecode.swift; path = CreatorModels.swift; sourceTree = "<group>"; };
		6D7AA6AAE6AEB1362E2A6981 /* GuitarDiagram.swift */ = {isa = PBXFileReference; includeInIndex = 1; lastKnownFileType = sourcecode.swift; path = GuitarDiagram.swift; sourceTree = "<group>"; };
		6DBC6EFD587EE349550ADC77 /* CreatorCoreTests.swift */ = {isa = PBXFileReference; includeInIndex = 1; lastKnownFileType = sourcecode.swift; path = CreatorCoreTests.swift; sourceTree = "<group>"; };
		72BCE90DFB17542A33C464BF /* Models.swift */ = {isa = PBXFileReference; includeInIndex = 1; lastKnownFileType = sourcecode.swift; path = Models.swift; sourceTree = "<group>"; };
		73639B5716CB6C49029F5FFD /* PrivacyInfo.xcprivacy */ = {isa = PBXFileReference; includeInIndex = 1; path = PrivacyInfo.xcprivacy; sourceTree = "<group>"; };
		7602830ECB28E95EB405170C /* LyricRenderingTests.swift */ = {isa = PBXFileReference; includeInIndex = 1; lastKnownFileType = sourcecode.swift; path = LyricRenderingTests.swift; sourceTree = "<group>"; };
		7C881BE2100BFD5E22B9707B /* PracticeView.swift */ = {isa = PBXFileReference; includeInIndex = 1; lastKnownFileType = sourcecode.swift; path = PracticeView.swift; sourceTree = "<group>"; };
		884493A6C414738FB25EEB08 /* HistoryView.swift */ = {isa = PBXFileReference; includeInIndex = 1; lastKnownFileType = sourcecode.swift; path = HistoryView.swift; sourceTree = "<group>"; };
		90AFE528AA54752D27AE4FC4 /* CreatorView.swift */ = {isa = PBXFileReference; includeInIndex = 1; lastKnownFileType = sourcecode.swift; path = CreatorView.swift; sourceTree = "<group>"; };
		920167BCC3F44D8A9784EA2C /* CreatorBillingStore.swift */ = {isa = PBXFileReference; includeInIndex = 1; lastKnownFileType = sourcecode.swift; path = CreatorBillingStore.swift; sourceTree = "<group>"; };
		AB143DBC5059B406401C8145 /* LibraryView.swift */ = {isa = PBXFileReference; includeInIndex = 1; lastKnownFileType = sourcecode.swift; path = LibraryView.swift; sourceTree = "<group>"; };
		ADD74CEF572FA02C860AA098 /* MusiaMacTests.xctest */ = {isa = PBXFileReference; explicitFileType = wrapper.cfbundle; includeInIndex = 0; path = MusiaMacTests.xctest; sourceTree = BUILT_PRODUCTS_DIR; };
		B2021CFB3887438C739C410C /* APIClient.swift */ = {isa = PBXFileReference; includeInIndex = 1; lastKnownFileType = sourcecode.swift; path = APIClient.swift; sourceTree = "<group>"; };
		B47F14C48B075B155D540A7A /* Musia.app */ = {isa = PBXFileReference; explicitFileType = wrapper.application; includeInIndex = 0; path = Musia.app; sourceTree = BUILT_PRODUCTS_DIR; };
		C3DEF89D0B674304E4731030 /* PracticeGuidance.swift */ = {isa = PBXFileReference; includeInIndex = 1; lastKnownFileType = sourcecode.swift; path = PracticeGuidance.swift; sourceTree = "<group>"; };
		C4456054E89B0935E1470B4A /* Musia.entitlements */ = {isa = PBXFileReference; includeInIndex = 1; lastKnownFileType = text.plist.entitlements; path = Musia.entitlements; sourceTree = "<group>"; };
		CD52310B74D66268F4009EA0 /* Timeline.swift */ = {isa = PBXFileReference; includeInIndex = 1; lastKnownFileType = sourcecode.swift; path = Timeline.swift; sourceTree = "<group>"; };
		CE94DA20ADF63F91701E5CFE /* CreatorAuthentication.swift */ = {isa = PBXFileReference; includeInIndex = 1; lastKnownFileType = sourcecode.swift; path = CreatorAuthentication.swift; sourceTree = "<group>"; };
		D26090EDFBD1AA08BFF4890E /* MacPlaybackTests.swift */ = {isa = PBXFileReference; includeInIndex = 1; lastKnownFileType = sourcecode.swift; path = MacPlaybackTests.swift; sourceTree = "<group>"; };
		D3C4D206AF0EE137F4EC2EA1 /* GuitarShape.swift */ = {isa = PBXFileReference; includeInIndex = 1; lastKnownFileType = sourcecode.swift; path = GuitarShape.swift; sourceTree = "<group>"; };
		DC4C086EE9E4542BB33F8032 /* LessonsView.swift */ = {isa = PBXFileReference; includeInIndex = 1; lastKnownFileType = sourcecode.swift; path = LessonsView.swift; sourceTree = "<group>"; };
		DF1CA535FEB54183AFBD4FA9 /* PlaybackController.swift */ = {isa = PBXFileReference; includeInIndex = 1; lastKnownFileType = sourcecode.swift; path = PlaybackController.swift; sourceTree = "<group>"; };
		E810112138C038E47B9143AF /* FirstPulse.swift */ = {isa = PBXFileReference; includeInIndex = 1; lastKnownFileType = sourcecode.swift; path = FirstPulse.swift; sourceTree = "<group>"; };
		EB37E5D30908908791558ADE /* Assets.xcassets */ = {isa = PBXFileReference; includeInIndex = 1; lastKnownFileType = folder.assetcatalog; path = Assets.xcassets; sourceTree = "<group>"; };
		EDBD9A814CB2D422F234B05E /* CatalogStore.swift */ = {isa = PBXFileReference; includeInIndex = 1; lastKnownFileType = sourcecode.swift; path = CatalogStore.swift; sourceTree = "<group>"; };
		EDFA412DB26AA7FDB994C654 /* MusiaMacApp.swift */ = {isa = PBXFileReference; includeInIndex = 1; lastKnownFileType = sourcecode.swift; path = MusiaMacApp.swift; sourceTree = "<group>"; };
/* End PBXFileReference section */

/* Begin PBXFrameworksBuildPhase section */
		37E3C71A4C84B523A3951E57 /* Frameworks */ = {
			isa = PBXFrameworksBuildPhase;
			buildActionMask = 2147483647;
			files = (
				1E8EBDC235D9FEB2DFC9F24D /* Cocoa.framework in Frameworks */,
				7A42E03D4AA58C9DCC47752C /* MusiaCore.framework in Frameworks */,
			);
			runOnlyForDeploymentPostprocessing = 0;
		};
		9C3C4CBD39C5EEB2D71B9D38 /* Frameworks */ = {
			isa = PBXFrameworksBuildPhase;
			buildActionMask = 2147483647;
			files = (
				C6F4B0EAF9B17345E6B4F795 /* Cocoa.framework in Frameworks */,
			);
			runOnlyForDeploymentPostprocessing = 0;
		};
		EDF80FBBE3428F20F02984E6 /* Frameworks */ = {
			isa = PBXFrameworksBuildPhase;
			buildActionMask = 2147483647;
			files = (
				801DE102ECF4A8E4E99211FF /* Cocoa.framework in Frameworks */,
				868FED705B02DD8C421214B5 /* MusiaCore.framework in Frameworks */,
			);
			runOnlyForDeploymentPostprocessing = 0;
		};
/* End PBXFrameworksBuildPhase section */

/* Begin PBXGroup section */
		175F79B957D8A6A6973760E5 /* Musia */ = {
			isa = PBXGroup;
			children = (
				5B586732B0F18AA6F0819DE0 /* MacReview.swift */,
				EDFA412DB26AA7FDB994C654 /* MusiaMacApp.swift */,
			);
			name = Musia;
			path = Musia;
			sourceTree = "<group>";
		};
		19E2017219E8CC7D82B33B4A /* ../ios/Musia/Services */ = {
			isa = PBXGroup;
			children = (
				EDBD9A814CB2D422F234B05E /* CatalogStore.swift */,
				CE94DA20ADF63F91701E5CFE /* CreatorAuthentication.swift */,
				920167BCC3F44D8A9784EA2C /* CreatorBillingStore.swift */,
				4318B24011477E793688BBC2 /* CreatorStore.swift */,
				33F807B89869DD7C0CEDA979 /* LocalStore.swift */,
				DF1CA535FEB54183AFBD4FA9 /* PlaybackController.swift */,
			);
			name = ../ios/Musia/Services;
			path = ../ios/Musia/Services;
			sourceTree = "<group>";
		};
		2B4253781EA77B51D6F67732 /* Shared Resources */ = {
			isa = PBXGroup;
			children = (
				73639B5716CB6C49029F5FFD /* PrivacyInfo.xcprivacy */,
			);
			name = "Shared Resources";
			path = ../ios/Musia/Resources;
			sourceTree = "<group>";
		};
		3CBF0F44C8D583EAABB8804C /* Resources */ = {
			isa = PBXGroup;
			children = (
				64C4DAFEED43F6B4E683F3A0 /* Info.plist */,
				C4456054E89B0935E1470B4A /* Musia.entitlements */,
				EB37E5D30908908791558ADE /* Assets.xcassets */,
			);
			name = Resources;
			path = Musia/Resources;
			sourceTree = "<group>";
		};
		49534A5192599799FB6C7B32 /* ../ios/Musia/Core */ = {
			isa = PBXGroup;
			children = (
				B2021CFB3887438C739C410C /* APIClient.swift */,
				45E135BDB197D8727FC0F1DC /* BeginnerPractice.swift */,
				2817B177E5A84A6CA567D98B /* CreatorAPI.swift */,
				6ADC38C6C089A3E9B951CDF4 /* CreatorModels.swift */,
				E810112138C038E47B9143AF /* FirstPulse.swift */,
				D3C4D206AF0EE137F4EC2EA1 /* GuitarShape.swift */,
				0C42633BE4EEEC7C636F38FD /* History.swift */,
				072588E27DF47B5EC161ED74 /* LyricRendering.swift */,
				72BCE90DFB17542A33C464BF /* Models.swift */,
				C3DEF89D0B674304E4731030 /* PracticeGuidance.swift */,
				CD52310B74D66268F4009EA0 /* Timeline.swift */,
			);
			name = ../ios/Musia/Core;
			path = ../ios/Musia/Core;
			sourceTree = "<group>";
		};
		6C09D2D9A52F0F987B9E74A1 /* Tests */ = {
			isa = PBXGroup;
			children = (
				D26090EDFBD1AA08BFF4890E /* MacPlaybackTests.swift */,
			);
			name = Tests;
			path = Tests;
			sourceTree = "<group>";
		};
		A1DEC4F6233085C5DD05E717 /* Frameworks */ = {
			isa = PBXGroup;
			children = (
				AACC870375001DDF527E0204 /* OS X */,
			);
			name = Frameworks;
			sourceTree = "<group>";
		};
		AACC870375001DDF527E0204 /* OS X */ = {
			isa = PBXGroup;
			children = (
				0DB8F859A8391928B3069D95 /* Cocoa.framework */,
			);
			name = "OS X";
			sourceTree = "<group>";
		};
		AE3C950D93115970978DBC76 /* ../ios/Tests/MusiaCoreTests */ = {
			isa = PBXGroup;
			children = (
				04A577D9F4CC2D90C783F318 /* APIClientTests.swift */,
				0481FA92F2973130E7ABB110 /* BeginnerPracticeTests.swift */,
				5AA8D5C54565A6B93C77C0A7 /* ContractTests.swift */,
				32ACE6D6E824F986892A8334 /* CreatorAPITests.swift */,
				6DBC6EFD587EE349550ADC77 /* CreatorCoreTests.swift */,
				2C6DE834126B14A037931047 /* LiveContractTests.swift */,
				7602830ECB28E95EB405170C /* LyricRenderingTests.swift */,
				25359F41780E9439C0E9071C /* PlaybackIntegrationTests.swift */,
				1AADE24237A7449010E80B7C /* PracticeGuidanceTests.swift */,
				1862A48EDDC75102B79A311F /* TimelineTests.swift */,
			);
			name = ../ios/Tests/MusiaCoreTests;
			path = ../ios/Tests/MusiaCoreTests;
			sourceTree = "<group>";
		};
		B570BFC3AA3321A38450F640 /* Products */ = {
			isa = PBXGroup;
			children = (
				B47F14C48B075B155D540A7A /* Musia.app */,
				08EA6197BA3CF43D65787B8C /* MusiaCore.framework */,
				ADD74CEF572FA02C860AA098 /* MusiaMacTests.xctest */,
			);
			name = Products;
			sourceTree = "<group>";
		};
		BF764E99A3A29F56E0BE8EF3 /* ../ios/Musia/Views */ = {
			isa = PBXGroup;
			children = (
				064F9122F872E10C6F647445 /* BeginnerPracticeView.swift */,
				3D12A8D7928BB3D640F2EE7A /* Components.swift */,
				59988017DFF268BD304FB047 /* CreatorAccountView.swift */,
				3DC72BAA53DB8D9403804076 /* CreatorCommunityView.swift */,
				90AFE528AA54752D27AE4FC4 /* CreatorView.swift */,
				6D7AA6AAE6AEB1362E2A6981 /* GuitarDiagram.swift */,
				884493A6C414738FB25EEB08 /* HistoryView.swift */,
				DC4C086EE9E4542BB33F8032 /* LessonsView.swift */,
				AB143DBC5059B406401C8145 /* LibraryView.swift */,
				7C881BE2100BFD5E22B9707B /* PracticeView.swift */,
			);
			name = ../ios/Musia/Views;
			path = ../ios/Musia/Views;
			sourceTree = "<group>";
		};
		F7AE8601962159C91C10B6B3 = {
			isa = PBXGroup;
			children = (
				B570BFC3AA3321A38450F640 /* Products */,
				A1DEC4F6233085C5DD05E717 /* Frameworks */,
				49534A5192599799FB6C7B32 /* ../ios/Musia/Core */,
				19E2017219E8CC7D82B33B4A /* ../ios/Musia/Services */,
				BF764E99A3A29F56E0BE8EF3 /* ../ios/Musia/Views */,
				175F79B957D8A6A6973760E5 /* Musia */,
				AE3C950D93115970978DBC76 /* ../ios/Tests/MusiaCoreTests */,
				6C09D2D9A52F0F987B9E74A1 /* Tests */,
				3CBF0F44C8D583EAABB8804C /* Resources */,
				2B4253781EA77B51D6F67732 /* Shared Resources */,
			);
			sourceTree = "<group>";
		};
/* End PBXGroup section */

/* Begin PBXHeadersBuildPhase section */
		E1933D54F46381B3D72DAD39 /* Headers */ = {
			isa = PBXHeadersBuildPhase;
			buildActionMask = 2147483647;
			files = (
			);
			runOnlyForDeploymentPostprocessing = 0;
		};
/* End PBXHeadersBuildPhase section */

/* Begin PBXNativeTarget section */
		40376A9ED30C807D81869246 /* Musia */ = {
			isa = PBXNativeTarget;
			buildConfigurationList = B2DE1BE23E690E0270FA733E /* Build configuration list for PBXNativeTarget "Musia" */;
			buildPhases = (
				306E25494EA2B2C14F5AF1D5 /* Sources */,
				37E3C71A4C84B523A3951E57 /* Frameworks */,
				9A0A6F298D3AFB4350C7B0C5 /* Resources */,
				1729A09263F093D141F7F4C4 /* Embed Frameworks */,
			);
			buildRules = (
			);
			dependencies = (
				07A30E6DACE1D5FA0F3F0684 /* PBXTargetDependency */,
			);
			name = Musia;
			productName = Musia;
			productReference = B47F14C48B075B155D540A7A /* Musia.app */;
			productType = "com.apple.product-type.application";
		};
		77EF521C946C89AED0399CDC /* MusiaMacTests */ = {
			isa = PBXNativeTarget;
			buildConfigurationList = 48E3EA0B036BB7CDB4F44482 /* Build configuration list for PBXNativeTarget "MusiaMacTests" */;
			buildPhases = (
				38A5DC257D127C68B652A08B /* Sources */,
				EDF80FBBE3428F20F02984E6 /* Frameworks */,
				DE3C6A72A053ED30F7FC4469 /* Resources */,
			);
			buildRules = (
			);
			dependencies = (
				33C98ED7FEA1BE4A864C48E7 /* PBXTargetDependency */,
				4836BD50128F7DD54FB369D0 /* PBXTargetDependency */,
			);
			name = MusiaMacTests;
			productName = MusiaMacTests;
			productReference = ADD74CEF572FA02C860AA098 /* MusiaMacTests.xctest */;
			productType = "com.apple.product-type.bundle.unit-test";
		};
		9902676B2E99036CA05483A3 /* MusiaCore */ = {
			isa = PBXNativeTarget;
			buildConfigurationList = 83AD56E9D496AB296071CB7D /* Build configuration list for PBXNativeTarget "MusiaCore" */;
			buildPhases = (
				E1933D54F46381B3D72DAD39 /* Headers */,
				C747C4179ADD47DEB25FEC9E /* Sources */,
				9C3C4CBD39C5EEB2D71B9D38 /* Frameworks */,
				7BB30B23F565330A1534837C /* Resources */,
			);
			buildRules = (
			);
			dependencies = (
			);
			name = MusiaCore;
			productName = MusiaCore;
			productReference = 08EA6197BA3CF43D65787B8C /* MusiaCore.framework */;
			productType = "com.apple.product-type.framework";
		};
/* End PBXNativeTarget section */

/* Begin PBXProject section */
		3463D3A5220E9427C5AB7E68 /* Project object */ = {
			isa = PBXProject;
			attributes = {
				LastSwiftUpdateCheck = 1600;
				LastUpgradeCheck = 1600;
			};
			buildConfigurationList = 7E0C062CAE2B66E19068DAFB /* Build configuration list for PBXProject "Musia" */;
			compatibilityVersion = "Xcode 3.2";
			developmentRegion = en;
			hasScannedForEncodings = 0;
			knownRegions = (
				en,
				Base,
			);
			mainGroup = F7AE8601962159C91C10B6B3;
			minimizedProjectReferenceProxies = 0;
			preferredProjectObjectVersion = 100;
			productRefGroup = B570BFC3AA3321A38450F640 /* Products */;
			projectDirPath = "";
			projectRoot = "";
			targets = (
				40376A9ED30C807D81869246 /* Musia */,
				9902676B2E99036CA05483A3 /* MusiaCore */,
				77EF521C946C89AED0399CDC /* MusiaMacTests */,
			);
		};
/* End PBXProject section */

/* Begin PBXResourcesBuildPhase section */
		7BB30B23F565330A1534837C /* Resources */ = {
			isa = PBXResourcesBuildPhase;
			buildActionMask = 2147483647;
			files = (
			);
			runOnlyForDeploymentPostprocessing = 0;
		};
		9A0A6F298D3AFB4350C7B0C5 /* Resources */ = {
			isa = PBXResourcesBuildPhase;
			buildActionMask = 2147483647;
			files = (
				35E6AC2827F20ABFDA368237 /* Assets.xcassets in Resources */,
				9341A0A656827A934F2E1BC9 /* PrivacyInfo.xcprivacy in Resources */,
			);
			runOnlyForDeploymentPostprocessing = 0;
		};
		DE3C6A72A053ED30F7FC4469 /* Resources */ = {
			isa = PBXResourcesBuildPhase;
			buildActionMask = 2147483647;
			files = (
			);
			runOnlyForDeploymentPostprocessing = 0;
		};
/* End PBXResourcesBuildPhase section */

/* Begin PBXSourcesBuildPhase section */
		306E25494EA2B2C14F5AF1D5 /* Sources */ = {
			isa = PBXSourcesBuildPhase;
			buildActionMask = 2147483647;
			files = (
				B4303F6549C70DC124F8A10B /* CatalogStore.swift in Sources */,
				46C44121E49FEFE0920C952D /* CreatorAuthentication.swift in Sources */,
				9B29D1801A6AA3DD908AC962 /* CreatorBillingStore.swift in Sources */,
				E114066FFEA40895E0262818 /* CreatorStore.swift in Sources */,
				028ECA6D742013C920B86F66 /* LocalStore.swift in Sources */,
				4DF05F65BFC53AE9C71BEC2A /* PlaybackController.swift in Sources */,
				8BAD775FDBD5069C6CA4E732 /* BeginnerPracticeView.swift in Sources */,
				B871EC5B623D74FCADD64D90 /* Components.swift in Sources */,
				E438A9010868EC6D53334068 /* CreatorAccountView.swift in Sources */,
				22534F86DCAE1949544280F1 /* CreatorCommunityView.swift in Sources */,
				435BC397B51C2BABA5499FAA /* CreatorView.swift in Sources */,
				05F8074AA0A75BC80DCE7376 /* GuitarDiagram.swift in Sources */,
				88F30B48565509653D79A0D4 /* HistoryView.swift in Sources */,
				2AE431E8311CB2642154C1CC /* LessonsView.swift in Sources */,
				AC55E5652F482BCE19CACD46 /* LibraryView.swift in Sources */,
				62ABD401DF74F36E8ED4332F /* PracticeView.swift in Sources */,
				4257684F76F99EA84836D1A0 /* MacReview.swift in Sources */,
				AA5FBA1EC8517190589B6896 /* MusiaMacApp.swift in Sources */,
			);
			runOnlyForDeploymentPostprocessing = 0;
		};
		38A5DC257D127C68B652A08B /* Sources */ = {
			isa = PBXSourcesBuildPhase;
			buildActionMask = 2147483647;
			files = (
				8C6A0DA960BCA97FCCD20C1B /* APIClientTests.swift in Sources */,
				B459D3E28A64EFF361A34E7D /* BeginnerPracticeTests.swift in Sources */,
				EA0F7F882F2E9E06834EE158 /* ContractTests.swift in Sources */,
				FB487F07640D56145B41FC13 /* CreatorAPITests.swift in Sources */,
				43B35C58CDBAA57503BE3DAE /* CreatorCoreTests.swift in Sources */,
				C2D2137BE9ACA12BC68AD35F /* LiveContractTests.swift in Sources */,
				05D146910B3DE0A795F75B8F /* LyricRenderingTests.swift in Sources */,
				07B23A9D1D09E45B967F1877 /* PlaybackIntegrationTests.swift in Sources */,
				268C1DCC6CDB7687C46F58EE /* PracticeGuidanceTests.swift in Sources */,
				9944687C20458B48EEB42EDA /* TimelineTests.swift in Sources */,
				4D36D6BF479150F5B73F0BEC /* MacPlaybackTests.swift in Sources */,
			);
			runOnlyForDeploymentPostprocessing = 0;
		};
		C747C4179ADD47DEB25FEC9E /* Sources */ = {
			isa = PBXSourcesBuildPhase;
			buildActionMask = 2147483647;
			files = (
				54F5661610AD74038FCFCCE9 /* APIClient.swift in Sources */,
				6678A8974EBB540BCF6A31D2 /* BeginnerPractice.swift in Sources */,
				C5236750AD4763AD63AAB704 /* CreatorAPI.swift in Sources */,
				C6567A8859F795F67671CAAF /* CreatorModels.swift in Sources */,
				45E88F780E2DD87D58897149 /* FirstPulse.swift in Sources */,
				C159BAB13C126BF11806E065 /* GuitarShape.swift in Sources */,
				7CAEF211C67C41449D2EF03B /* History.swift in Sources */,
				07BAC94316D854FA45B358F8 /* LyricRendering.swift in Sources */,
				91880C563075DCA361C04D43 /* Models.swift in Sources */,
				BDCD12886215C4E4664B9469 /* PracticeGuidance.swift in Sources */,
				8585B6BDAEA3A3CD0D7AC3D1 /* Timeline.swift in Sources */,
			);
			runOnlyForDeploymentPostprocessing = 0;
		};
/* End PBXSourcesBuildPhase section */

/* Begin PBXTargetDependency section */
		07A30E6DACE1D5FA0F3F0684 /* PBXTargetDependency */ = {
			isa = PBXTargetDependency;
			name = MusiaCore;
			target = 9902676B2E99036CA05483A3 /* MusiaCore */;
			targetProxy = 8C45575E8538883BE96D7831 /* PBXContainerItemProxy */;
		};
		33C98ED7FEA1BE4A864C48E7 /* PBXTargetDependency */ = {
			isa = PBXTargetDependency;
			name = Musia;
			target = 40376A9ED30C807D81869246 /* Musia */;
			targetProxy = 1248471E38876AE5DF3C75D0 /* PBXContainerItemProxy */;
		};
		4836BD50128F7DD54FB369D0 /* PBXTargetDependency */ = {
			isa = PBXTargetDependency;
			name = MusiaCore;
			target = 9902676B2E99036CA05483A3 /* MusiaCore */;
			targetProxy = 7FA37862ADAE1A7E36156903 /* PBXContainerItemProxy */;
		};
/* End PBXTargetDependency section */

/* Begin XCBuildConfiguration section */
		2FB96074018391E70ECAE5BE /* Release */ = {
			isa = XCBuildConfiguration;
			buildSettings = {
				BUNDLE_LOADER = "$(TEST_HOST)";
				CODE_SIGN_IDENTITY = "Apple Distribution";
				CODE_SIGN_STYLE = Manual;
				GENERATE_INFOPLIST_FILE = YES;
				LD_RUNPATH_SEARCH_PATHS = "$(inherited) @executable_path/../Frameworks @loader_path/../Frameworks";
				MACOSX_DEPLOYMENT_TARGET = 14.0;
				PRODUCT_BUNDLE_IDENTIFIER = art.lazying.musia.mactests;
				PRODUCT_NAME = "$(TARGET_NAME)";
				SDKROOT = macosx;
				SWIFT_VERSION = 5.0;
				TEST_HOST = "$(BUILT_PRODUCTS_DIR)/Musia.app/Contents/MacOS/Musia";
			};
			name = Release;
		};
		3B6A32E7076EDD4BB7A628F1 /* Debug */ = {
			isa = XCBuildConfiguration;
			buildSettings = {
				CODE_SIGN_IDENTITY = "-";
				CODE_SIGN_STYLE = Manual;
				COMBINE_HIDPI_IMAGES = YES;
				CURRENT_PROJECT_VERSION = 1;
				DEFINES_MODULE = YES;
				DYLIB_COMPATIBILITY_VERSION = 1;
				DYLIB_CURRENT_VERSION = 1;
				DYLIB_INSTALL_NAME_BASE = "@rpath";
				GENERATE_INFOPLIST_FILE = YES;
				INSTALL_PATH = "$(LOCAL_LIBRARY_DIR)/Frameworks";
				LD_RUNPATH_SEARCH_PATHS = "$(inherited) @executable_path/../Frameworks @loader_path/../Frameworks";
				MACOSX_DEPLOYMENT_TARGET = 14.0;
				PRODUCT_BUNDLE_IDENTIFIER = art.lazying.musia.core;
				PRODUCT_NAME = "$(TARGET_NAME)";
				SDKROOT = macosx;
				SKIP_INSTALL = YES;
				SWIFT_VERSION = 5.0;
				VERSIONING_SYSTEM = "apple-generic";
				VERSION_INFO_PREFIX = "";
			};
			name = Debug;
		};
		47003C8BDEA3943013BED6A8 /* Release */ = {
			isa = XCBuildConfiguration;
			buildSettings = {
				ALWAYS_SEARCH_USER_PATHS = NO;
				CLANG_ANALYZER_NONNULL = YES;
				CLANG_ANALYZER_NUMBER_OBJECT_CONVERSION = YES_AGGRESSIVE;
				CLANG_CXX_LANGUAGE_STANDARD = "gnu++14";
				CLANG_CXX_LIBRARY = "libc++";
				CLANG_ENABLE_MODULES = YES;
				CLANG_ENABLE_OBJC_ARC = YES;
				CLANG_ENABLE_OBJC_WEAK = YES;
				CLANG_WARN_BLOCK_CAPTURE_AUTORELEASING = YES;
				CLANG_WARN_BOOL_CONVERSION = YES;
				CLANG_WARN_COMMA = YES;
				CLANG_WARN_CONSTANT_CONVERSION = YES;
				CLANG_WARN_DEPRECATED_OBJC_IMPLEMENTATIONS = YES;
				CLANG_WARN_DIRECT_OBJC_ISA_USAGE = YES_ERROR;
				CLANG_WARN_DOCUMENTATION_COMMENTS = YES;
				CLANG_WARN_EMPTY_BODY = YES;
				CLANG_WARN_ENUM_CONVERSION = YES;
				CLANG_WARN_INFINITE_RECURSION = YES;
				CLANG_WARN_INT_CONVERSION = YES;
				CLANG_WARN_NON_LITERAL_NULL_CONVERSION = YES;
				CLANG_WARN_OBJC_IMPLICIT_RETAIN_SELF = YES;
				CLANG_WARN_OBJC_LITERAL_CONVERSION = YES;
				CLANG_WARN_OBJC_ROOT_CLASS = YES_ERROR;
				CLANG_WARN_QUOTED_INCLUDE_IN_FRAMEWORK_HEADER = YES;
				CLANG_WARN_RANGE_LOOP_ANALYSIS = YES;
				CLANG_WARN_STRICT_PROTOTYPES = YES;
				CLANG_WARN_SUSPICIOUS_MOVE = YES;
				CLANG_WARN_UNGUARDED_AVAILABILITY = YES_AGGRESSIVE;
				CLANG_WARN_UNREACHABLE_CODE = YES;
				CLANG_WARN__DUPLICATE_METHOD_MATCH = YES;
				CODE_SIGN_STYLE = Manual;
				COPY_PHASE_STRIP = NO;
				CURRENT_PROJECT_VERSION = 8;
				DEBUG_INFORMATION_FORMAT = "dwarf-with-dsym";
				DEVELOPMENT_TEAM = Q8M2S2FY77;
				ENABLE_NS_ASSERTIONS = NO;
				ENABLE_STRICT_OBJC_MSGSEND = YES;
				ENABLE_TESTABILITY = NO;
				ENABLE_USER_SCRIPT_SANDBOXING = YES;
				GCC_C_LANGUAGE_STANDARD = gnu11;
				GCC_NO_COMMON_BLOCKS = YES;
				GCC_WARN_64_TO_32_BIT_CONVERSION = YES;
				GCC_WARN_ABOUT_RETURN_TYPE = YES_ERROR;
				GCC_WARN_UNDECLARED_SELECTOR = YES;
				GCC_WARN_UNINITIALIZED_AUTOS = YES_AGGRESSIVE;
				GCC_WARN_UNUSED_FUNCTION = YES;
				GCC_WARN_UNUSED_VARIABLE = YES;
				MACOSX_DEPLOYMENT_TARGET = 14.0;
				MARKETING_VERSION = 0.2.0;
				MTL_ENABLE_DEBUG_INFO = NO;
				MTL_FAST_MATH = YES;
				PRODUCT_NAME = "$(TARGET_NAME)";
				SWIFT_COMPILATION_MODE = wholemodule;
				SWIFT_OPTIMIZATION_LEVEL = "-O";
				SWIFT_VERSION = 5.0;
			};
			name = Release;
		};
		62625AD1E82BEFA5B40E02D7 /* Debug */ = {
			isa = XCBuildConfiguration;
			buildSettings = {
				ALWAYS_SEARCH_USER_PATHS = NO;
				CLANG_ANALYZER_NONNULL = YES;
				CLANG_ANALYZER_NUMBER_OBJECT_CONVERSION = YES_AGGRESSIVE;
				CLANG_CXX_LANGUAGE_STANDARD = "gnu++14";
				CLANG_CXX_LIBRARY = "libc++";
				CLANG_ENABLE_MODULES = YES;
				CLANG_ENABLE_OBJC_ARC = YES;
				CLANG_ENABLE_OBJC_WEAK = YES;
				CLANG_WARN_BLOCK_CAPTURE_AUTORELEASING = YES;
				CLANG_WARN_BOOL_CONVERSION = YES;
				CLANG_WARN_COMMA = YES;
				CLANG_WARN_CONSTANT_CONVERSION = YES;
				CLANG_WARN_DEPRECATED_OBJC_IMPLEMENTATIONS = YES;
				CLANG_WARN_DIRECT_OBJC_ISA_USAGE = YES_ERROR;
				CLANG_WARN_DOCUMENTATION_COMMENTS = YES;
				CLANG_WARN_EMPTY_BODY = YES;
				CLANG_WARN_ENUM_CONVERSION = YES;
				CLANG_WARN_INFINITE_RECURSION = YES;
				CLANG_WARN_INT_CONVERSION = YES;
				CLANG_WARN_NON_LITERAL_NULL_CONVERSION = YES;
				CLANG_WARN_OBJC_IMPLICIT_RETAIN_SELF = YES;
				CLANG_WARN_OBJC_LITERAL_CONVERSION = YES;
				CLANG_WARN_OBJC_ROOT_CLASS = YES_ERROR;
				CLANG_WARN_QUOTED_INCLUDE_IN_FRAMEWORK_HEADER = YES;
				CLANG_WARN_RANGE_LOOP_ANALYSIS = YES;
				CLANG_WARN_STRICT_PROTOTYPES = YES;
				CLANG_WARN_SUSPICIOUS_MOVE = YES;
				CLANG_WARN_UNGUARDED_AVAILABILITY = YES_AGGRESSIVE;
				CLANG_WARN_UNREACHABLE_CODE = YES;
				CLANG_WARN__DUPLICATE_METHOD_MATCH = YES;
				CODE_SIGN_STYLE = Manual;
				COPY_PHASE_STRIP = NO;
				CURRENT_PROJECT_VERSION = 8;
				DEBUG_INFORMATION_FORMAT = dwarf;
				DEVELOPMENT_TEAM = Q8M2S2FY77;
				ENABLE_STRICT_OBJC_MSGSEND = YES;
				ENABLE_TESTABILITY = YES;
				ENABLE_USER_SCRIPT_SANDBOXING = YES;
				GCC_C_LANGUAGE_STANDARD = gnu11;
				GCC_DYNAMIC_NO_PIC = NO;
				GCC_NO_COMMON_BLOCKS = YES;
				GCC_OPTIMIZATION_LEVEL = 0;
				GCC_PREPROCESSOR_DEFINITIONS = (
					"DEBUG=1",
					"$(inherited)",
				);
				GCC_WARN_64_TO_32_BIT_CONVERSION = YES;
				GCC_WARN_ABOUT_RETURN_TYPE = YES_ERROR;
				GCC_WARN_UNDECLARED_SELECTOR = YES;
				GCC_WARN_UNINITIALIZED_AUTOS = YES_AGGRESSIVE;
				GCC_WARN_UNUSED_FUNCTION = YES;
				GCC_WARN_UNUSED_VARIABLE = YES;
				MACOSX_DEPLOYMENT_TARGET = 14.0;
				MARKETING_VERSION = 0.2.0;
				MTL_ENABLE_DEBUG_INFO = INCLUDE_SOURCE;
				MTL_FAST_MATH = YES;
				ONLY_ACTIVE_ARCH = YES;
				PRODUCT_NAME = "$(TARGET_NAME)";
				SWIFT_ACTIVE_COMPILATION_CONDITIONS = DEBUG;
				SWIFT_OPTIMIZATION_LEVEL = "-Onone";
				SWIFT_VERSION = 5.0;
			};
			name = Debug;
		};
		859A72CD4DDF960CB909D60D /* Release */ = {
			isa = XCBuildConfiguration;
			buildSettings = {
				ASSETCATALOG_COMPILER_APPICON_NAME = AppIcon;
				ASSETCATALOG_COMPILER_GLOBAL_ACCENT_COLOR_NAME = AccentColor;
				CODE_SIGN_ENTITLEMENTS = Musia/Resources/Musia.entitlements;
				CODE_SIGN_IDENTITY = "Apple Distribution";
				CODE_SIGN_STYLE = Manual;
				COMBINE_HIDPI_IMAGES = YES;
				ENABLE_APP_SANDBOX = YES;
				ENABLE_HARDENED_RUNTIME = YES;
				INFOPLIST_FILE = Musia/Resources/Info.plist;
				LD_RUNPATH_SEARCH_PATHS = "$(inherited) @executable_path/../Frameworks @loader_path/../Frameworks";
				MACOSX_DEPLOYMENT_TARGET = 14.0;
				PRODUCT_BUNDLE_IDENTIFIER = art.lazying.musia;
				PRODUCT_NAME = "$(TARGET_NAME)";
				PROVISIONING_PROFILE_SPECIFIER = "$(MUSIA_MAC_PROFILE)";
				SDKROOT = macosx;
				SWIFT_VERSION = 5.0;
			};
			name = Release;
		};
		8E0327E848107A92895BD85E /* Debug */ = {
			isa = XCBuildConfiguration;
			buildSettings = {
				ASSETCATALOG_COMPILER_APPICON_NAME = AppIcon;
				ASSETCATALOG_COMPILER_GLOBAL_ACCENT_COLOR_NAME = AccentColor;
				CODE_SIGN_ENTITLEMENTS = Musia/Resources/Musia.entitlements;
				CODE_SIGN_IDENTITY = "-";
				CODE_SIGN_STYLE = Manual;
				COMBINE_HIDPI_IMAGES = YES;
				ENABLE_APP_SANDBOX = YES;
				ENABLE_HARDENED_RUNTIME = YES;
				INFOPLIST_FILE = Musia/Resources/Info.plist;
				LD_RUNPATH_SEARCH_PATHS = "$(inherited) @executable_path/../Frameworks @loader_path/../Frameworks";
				MACOSX_DEPLOYMENT_TARGET = 14.0;
				PRODUCT_BUNDLE_IDENTIFIER = art.lazying.musia;
				PRODUCT_NAME = "$(TARGET_NAME)";
				PROVISIONING_PROFILE_SPECIFIER = "$(MUSIA_DEBUG_PROFILE)";
				SDKROOT = macosx;
				SWIFT_VERSION = 5.0;
			};
			name = Debug;
		};
		D5F7AAC1B5ACE6618E1C7CF7 /* Release */ = {
			isa = XCBuildConfiguration;
			buildSettings = {
				CODE_SIGN_IDENTITY = "Apple Distribution";
				CODE_SIGN_STYLE = Manual;
				COMBINE_HIDPI_IMAGES = YES;
				CURRENT_PROJECT_VERSION = 1;
				DEFINES_MODULE = YES;
				DYLIB_COMPATIBILITY_VERSION = 1;
				DYLIB_CURRENT_VERSION = 1;
				DYLIB_INSTALL_NAME_BASE = "@rpath";
				GENERATE_INFOPLIST_FILE = YES;
				INSTALL_PATH = "$(LOCAL_LIBRARY_DIR)/Frameworks";
				LD_RUNPATH_SEARCH_PATHS = "$(inherited) @executable_path/../Frameworks @loader_path/../Frameworks";
				MACOSX_DEPLOYMENT_TARGET = 14.0;
				PRODUCT_BUNDLE_IDENTIFIER = art.lazying.musia.core;
				PRODUCT_NAME = "$(TARGET_NAME)";
				SDKROOT = macosx;
				SKIP_INSTALL = YES;
				SWIFT_VERSION = 5.0;
				VERSIONING_SYSTEM = "apple-generic";
				VERSION_INFO_PREFIX = "";
			};
			name = Release;
		};
		EE4F0DD8F465B93266EB6052 /* Debug */ = {
			isa = XCBuildConfiguration;
			buildSettings = {
				BUNDLE_LOADER = "$(TEST_HOST)";
				CODE_SIGN_IDENTITY = "-";
				CODE_SIGN_STYLE = Manual;
				GENERATE_INFOPLIST_FILE = YES;
				LD_RUNPATH_SEARCH_PATHS = "$(inherited) @executable_path/../Frameworks @loader_path/../Frameworks";
				MACOSX_DEPLOYMENT_TARGET = 14.0;
				PRODUCT_BUNDLE_IDENTIFIER = art.lazying.musia.mactests;
				PRODUCT_NAME = "$(TARGET_NAME)";
				SDKROOT = macosx;
				SWIFT_VERSION = 5.0;
				TEST_HOST = "$(BUILT_PRODUCTS_DIR)/Musia.app/Contents/MacOS/Musia";
			};
			name = Debug;
		};
/* End XCBuildConfiguration section */

/* Begin XCConfigurationList section */
		48E3EA0B036BB7CDB4F44482 /* Build configuration list for PBXNativeTarget "MusiaMacTests" */ = {
			isa = XCConfigurationList;
			buildConfigurations = (
				2FB96074018391E70ECAE5BE /* Release */,
				EE4F0DD8F465B93266EB6052 /* Debug */,
			);
			defaultConfigurationIsVisible = 0;
			defaultConfigurationName = Release;
		};
		7E0C062CAE2B66E19068DAFB /* Build configuration list for PBXProject "Musia" */ = {
			isa = XCConfigurationList;
			buildConfigurations = (
				62625AD1E82BEFA5B40E02D7 /* Debug */,
				47003C8BDEA3943013BED6A8 /* Release */,
			);
			defaultConfigurationIsVisible = 0;
			defaultConfigurationName = Release;
		};
		83AD56E9D496AB296071CB7D /* Build configuration list for PBXNativeTarget "MusiaCore" */ = {
			isa = XCConfigurationList;
			buildConfigurations = (
				D5F7AAC1B5ACE6618E1C7CF7 /* Release */,
				3B6A32E7076EDD4BB7A628F1 /* Debug */,
			);
			defaultConfigurationIsVisible = 0;
			defaultConfigurationName = Release;
		};
		B2DE1BE23E690E0270FA733E /* Build configuration list for PBXNativeTarget "Musia" */ = {
			isa = XCConfigurationList;
			buildConfigurations = (
				859A72CD4DDF960CB909D60D /* Release */,
				8E0327E848107A92895BD85E /* Debug */,
			);
			defaultConfigurationIsVisible = 0;
			defaultConfigurationName = Release;
		};
/* End XCConfigurationList section */
	};
	rootObject = 3463D3A5220E9427C5AB7E68 /* Project object */;
}
