// !$*UTF8*$!
{
	archiveVersion = 1;
	classes = {
	};
	objectVersion = 46;
	objects = {

/* Begin PBXBuildFile section */
		04FED320D9FC0DBB09E09EF8 /* CatalogStore.swift in Sources */ = {isa = PBXBuildFile; fileRef = 961E31EA46A21D2312F37221 /* CatalogStore.swift */; };
		0F7EA68D7A39C1D6D49CFA8A /* Foundation.framework in Frameworks */ = {isa = PBXBuildFile; fileRef = 4F6CB7E6BD65383816082347 /* Foundation.framework */; };
		137054219CE9626C362C7603 /* TimelineTests.swift in Sources */ = {isa = PBXBuildFile; fileRef = 625BB40348D463D3D393950A /* TimelineTests.swift */; };
		19D37A4FF30ABE49D541A2FC /* LyricRendering.swift in Sources */ = {isa = PBXBuildFile; fileRef = F5CAAEAD4720907A9F282D0E /* LyricRendering.swift */; };
		1C8F3F0B9313B16FABF51BA9 /* Foundation.framework in Frameworks */ = {isa = PBXBuildFile; fileRef = 4F6CB7E6BD65383816082347 /* Foundation.framework */; };
		217D4674A4711BE713B31E35 /* GuitarDiagram.swift in Sources */ = {isa = PBXBuildFile; fileRef = E4F3DA7BB955DBBDB73792FA /* GuitarDiagram.swift */; };
		26BAADAC40D095F24A288811 /* Timeline.swift in Sources */ = {isa = PBXBuildFile; fileRef = CF0A4D014C88ACB2433100AB /* Timeline.swift */; };
		275BD2D459D2BC28805580DF /* PlaybackController.swift in Sources */ = {isa = PBXBuildFile; fileRef = 67D681818E11AEC1833E58EA /* PlaybackController.swift */; };
		293BBF35BE4817C6519A39A0 /* GuitarShape.swift in Sources */ = {isa = PBXBuildFile; fileRef = 58FDC7E2C3DAD729C9EC8033 /* GuitarShape.swift */; };
		35DCCCE7945F1F0283BFC5DC /* LibraryView.swift in Sources */ = {isa = PBXBuildFile; fileRef = B5FD30026EE8CFC0A72960A3 /* LibraryView.swift */; };
		3D17B36FF039ABF8B0D5A160 /* BeginnerPracticeTests.swift in Sources */ = {isa = PBXBuildFile; fileRef = AFCACF54DE1CC1E309EAEE14 /* BeginnerPracticeTests.swift */; };
		41AB55278614C7CFCC087BCA /* Models.swift in Sources */ = {isa = PBXBuildFile; fileRef = 0350E8CFC76B5D978561FC23 /* Models.swift */; };
		48B129100A2581FD0013C6A9 /* MusiaCore.framework in Frameworks */ = {isa = PBXBuildFile; fileRef = E4D92B23CCC25FE63150956A /* MusiaCore.framework */; };
		4AB636E0AE92CD265B8E5B34 /* PracticeSmokeTests.swift in Sources */ = {isa = PBXBuildFile; fileRef = 942FEA2A55A1C66E0B72AB56 /* PracticeSmokeTests.swift */; };
		4CFF6281B713F303DB63ED3D /* LessonsView.swift in Sources */ = {isa = PBXBuildFile; fileRef = D5466A0E65429A5BAB749EBD /* LessonsView.swift */; };
		50F9C9F42A9AD94F8B1A6E08 /* HistoryView.swift in Sources */ = {isa = PBXBuildFile; fileRef = 55DFC0B01F3EDC9345EFCFF6 /* HistoryView.swift */; };
		627B1A76DFA89A2E9164E4A0 /* APIClientTests.swift in Sources */ = {isa = PBXBuildFile; fileRef = F180683DC210C1068B03CABE /* APIClientTests.swift */; };
		73B23E31920333A188B0D6B8 /* LyricRenderingTests.swift in Sources */ = {isa = PBXBuildFile; fileRef = 000E6934E7CA052E012A5437 /* LyricRenderingTests.swift */; };
		73F55522179CF8A4BE533284 /* History.swift in Sources */ = {isa = PBXBuildFile; fileRef = 2A38024C8C579EC2C7D7AD75 /* History.swift */; };
		7538ECE61C037D7F409BA701 /* PracticeView.swift in Sources */ = {isa = PBXBuildFile; fileRef = 93B39750A11C662D0722B239 /* PracticeView.swift */; };
		76DB41DD5068825DEADBDDD7 /* PrivacyInfo.xcprivacy in Resources */ = {isa = PBXBuildFile; fileRef = 11A9FF7C23822BEB295EC8D4 /* PrivacyInfo.xcprivacy */; };
		787200AA13137E73C42D45AC /* PracticeGuidance.swift in Sources */ = {isa = PBXBuildFile; fileRef = 9229BE7DBD94D53772DB53BA /* PracticeGuidance.swift */; };
		8EF7606E3377CD1F11BE291E /* BeginnerPractice.swift in Sources */ = {isa = PBXBuildFile; fileRef = 0EEF1897151E2F606F6E04D0 /* BeginnerPractice.swift */; };
		94EC2A0CB5FC887BB7C0E713 /* Foundation.framework in Frameworks */ = {isa = PBXBuildFile; fileRef = 4F6CB7E6BD65383816082347 /* Foundation.framework */; };
		A371CADABDB1F26B49203BC3 /* Foundation.framework in Frameworks */ = {isa = PBXBuildFile; fileRef = 4F6CB7E6BD65383816082347 /* Foundation.framework */; };
		A8F6738EF5A5A3F980FE24B7 /* LocalStore.swift in Sources */ = {isa = PBXBuildFile; fileRef = 722C6F8065FE8DCBE696DBC8 /* LocalStore.swift */; };
		AD827CCA97DE7301AA002CAE /* BeginnerPracticeView.swift in Sources */ = {isa = PBXBuildFile; fileRef = C789ECF9AE97F2DB3A1E92BF /* BeginnerPracticeView.swift */; };
		BEC618209E20FC75572F1743 /* MusiaCore.framework in Embed Frameworks */ = {isa = PBXBuildFile; fileRef = E4D92B23CCC25FE63150956A /* MusiaCore.framework */; settings = {ATTRIBUTES = (CodeSignOnCopy, RemoveHeadersOnCopy, ); }; };
		C830153A0E196F0E0AA06262 /* APIClient.swift in Sources */ = {isa = PBXBuildFile; fileRef = 272BDC2A4ABC7C3F0FEDADEF /* APIClient.swift */; };
		C96267DD7B0F99F0684A6DAE /* Assets.xcassets in Resources */ = {isa = PBXBuildFile; fileRef = 07BAE078D9CC6E8D9475A614 /* Assets.xcassets */; };
		CF6DCB98F6C8DEBF757FF4B1 /* MusiaApp.swift in Sources */ = {isa = PBXBuildFile; fileRef = FAA177ACD6E19C929D0541E7 /* MusiaApp.swift */; };
		D05D63463E224715DF464B28 /* FirstPulse.swift in Sources */ = {isa = PBXBuildFile; fileRef = 6F46E5DFAC45D11F188F2C9E /* FirstPulse.swift */; };
		D626D97F605721BC9F96FAAC /* PracticeGuidanceTests.swift in Sources */ = {isa = PBXBuildFile; fileRef = 0C7CED1B6F5D146915C918DA /* PracticeGuidanceTests.swift */; };
		DB9DE6C6AEC05374B93B28C8 /* PlaybackIntegrationTests.swift in Sources */ = {isa = PBXBuildFile; fileRef = 26A5BEB003A1B1D6FAC99B48 /* PlaybackIntegrationTests.swift */; };
		E92AF22876C9D07300B4516F /* LiveContractTests.swift in Sources */ = {isa = PBXBuildFile; fileRef = 1C5318757ACFB51BB32AE981 /* LiveContractTests.swift */; };
		F1EAB96B9DB490BE95CAB2D7 /* Components.swift in Sources */ = {isa = PBXBuildFile; fileRef = 5357D38F16EFD359EE870C1E /* Components.swift */; };
		F2FE3D4C6F8ABC9A462A56FF /* MusiaCore.framework in Frameworks */ = {isa = PBXBuildFile; fileRef = E4D92B23CCC25FE63150956A /* MusiaCore.framework */; };
		FB97E8060D34F02D44B5EBBD /* ContractTests.swift in Sources */ = {isa = PBXBuildFile; fileRef = E5B306963A85464E3629E4E0 /* ContractTests.swift */; };
/* End PBXBuildFile section */

/* Begin PBXContainerItemProxy section */
		35B04504E41FDBB46D0BE1F7 /* PBXContainerItemProxy */ = {
			isa = PBXContainerItemProxy;
			containerPortal = 85E3E280B19EF7D25CE0DDF9 /* Project object */;
			proxyType = 1;
			remoteGlobalIDString = 6764066112A220E36A1C350F;
			remoteInfo = Musia;
		};
		35F6DC3631880EE4D633C5D0 /* PBXContainerItemProxy */ = {
			isa = PBXContainerItemProxy;
			containerPortal = 85E3E280B19EF7D25CE0DDF9 /* Project object */;
			proxyType = 1;
			remoteGlobalIDString = 6764066112A220E36A1C350F;
			remoteInfo = Musia;
		};
		7543D06F26072C76E5596AB8 /* PBXContainerItemProxy */ = {
			isa = PBXContainerItemProxy;
			containerPortal = 85E3E280B19EF7D25CE0DDF9 /* Project object */;
			proxyType = 1;
			remoteGlobalIDString = 93234374C4A294FDBE29E101;
			remoteInfo = MusiaCore;
		};
		FC6B4B099484A86821D4AEB5 /* PBXContainerItemProxy */ = {
			isa = PBXContainerItemProxy;
			containerPortal = 85E3E280B19EF7D25CE0DDF9 /* Project object */;
			proxyType = 1;
			remoteGlobalIDString = 93234374C4A294FDBE29E101;
			remoteInfo = MusiaCore;
		};
/* End PBXContainerItemProxy section */

/* Begin PBXCopyFilesBuildPhase section */
		5FA813AFEF15668267435ADB /* Embed Frameworks */ = {
			isa = PBXCopyFilesBuildPhase;
			buildActionMask = 2147483647;
			dstPath = "";
			dstSubfolderSpec = 10;
			files = (
				BEC618209E20FC75572F1743 /* MusiaCore.framework in Embed Frameworks */,
			);
			name = "Embed Frameworks";
			runOnlyForDeploymentPostprocessing = 0;
		};
/* End PBXCopyFilesBuildPhase section */

/* Begin PBXFileReference section */
		000E6934E7CA052E012A5437 /* LyricRenderingTests.swift */ = {isa = PBXFileReference; includeInIndex = 1; lastKnownFileType = sourcecode.swift; path = LyricRenderingTests.swift; sourceTree = "<group>"; };
		0350E8CFC76B5D978561FC23 /* Models.swift */ = {isa = PBXFileReference; includeInIndex = 1; lastKnownFileType = sourcecode.swift; path = Models.swift; sourceTree = "<group>"; };
		07BAE078D9CC6E8D9475A614 /* Assets.xcassets */ = {isa = PBXFileReference; includeInIndex = 1; lastKnownFileType = folder.assetcatalog; name = Assets.xcassets; path = Resources/Assets.xcassets; sourceTree = "<group>"; };
		0C7CED1B6F5D146915C918DA /* PracticeGuidanceTests.swift */ = {isa = PBXFileReference; includeInIndex = 1; lastKnownFileType = sourcecode.swift; path = PracticeGuidanceTests.swift; sourceTree = "<group>"; };
		0EEF1897151E2F606F6E04D0 /* BeginnerPractice.swift */ = {isa = PBXFileReference; includeInIndex = 1; lastKnownFileType = sourcecode.swift; path = BeginnerPractice.swift; sourceTree = "<group>"; };
		11A9FF7C23822BEB295EC8D4 /* PrivacyInfo.xcprivacy */ = {isa = PBXFileReference; includeInIndex = 1; name = PrivacyInfo.xcprivacy; path = Resources/PrivacyInfo.xcprivacy; sourceTree = "<group>"; };
		1C5318757ACFB51BB32AE981 /* LiveContractTests.swift */ = {isa = PBXFileReference; includeInIndex = 1; lastKnownFileType = sourcecode.swift; path = LiveContractTests.swift; sourceTree = "<group>"; };
		26A5BEB003A1B1D6FAC99B48 /* PlaybackIntegrationTests.swift */ = {isa = PBXFileReference; includeInIndex = 1; lastKnownFileType = sourcecode.swift; path = PlaybackIntegrationTests.swift; sourceTree = "<group>"; };
		272BDC2A4ABC7C3F0FEDADEF /* APIClient.swift */ = {isa = PBXFileReference; includeInIndex = 1; lastKnownFileType = sourcecode.swift; path = APIClient.swift; sourceTree = "<group>"; };
		2A38024C8C579EC2C7D7AD75 /* History.swift */ = {isa = PBXFileReference; includeInIndex = 1; lastKnownFileType = sourcecode.swift; path = History.swift; sourceTree = "<group>"; };
		4F6CB7E6BD65383816082347 /* Foundation.framework */ = {isa = PBXFileReference; lastKnownFileType = wrapper.framework; name = Foundation.framework; path = System/Library/Frameworks/Foundation.framework; sourceTree = SDKROOT; };
		5357D38F16EFD359EE870C1E /* Components.swift */ = {isa = PBXFileReference; includeInIndex = 1; lastKnownFileType = sourcecode.swift; name = Components.swift; path = Views/Components.swift; sourceTree = "<group>"; };
		55DFC0B01F3EDC9345EFCFF6 /* HistoryView.swift */ = {isa = PBXFileReference; includeInIndex = 1; lastKnownFileType = sourcecode.swift; name = HistoryView.swift; path = Views/HistoryView.swift; sourceTree = "<group>"; };
		58FDC7E2C3DAD729C9EC8033 /* GuitarShape.swift */ = {isa = PBXFileReference; includeInIndex = 1; lastKnownFileType = sourcecode.swift; path = GuitarShape.swift; sourceTree = "<group>"; };
		59D3EE03D6B0FD4C3EEF2C3F /* Musia.app */ = {isa = PBXFileReference; explicitFileType = wrapper.application; includeInIndex = 0; path = Musia.app; sourceTree = BUILT_PRODUCTS_DIR; };
		625BB40348D463D3D393950A /* TimelineTests.swift */ = {isa = PBXFileReference; includeInIndex = 1; lastKnownFileType = sourcecode.swift; path = TimelineTests.swift; sourceTree = "<group>"; };
		67D681818E11AEC1833E58EA /* PlaybackController.swift */ = {isa = PBXFileReference; includeInIndex = 1; lastKnownFileType = sourcecode.swift; name = PlaybackController.swift; path = Services/PlaybackController.swift; sourceTree = "<group>"; };
		6D7DD5661E0EAA2EBB7439F0 /* MusiaUITests.xctest */ = {isa = PBXFileReference; explicitFileType = wrapper.cfbundle; includeInIndex = 0; path = MusiaUITests.xctest; sourceTree = BUILT_PRODUCTS_DIR; };
		6F46E5DFAC45D11F188F2C9E /* FirstPulse.swift */ = {isa = PBXFileReference; includeInIndex = 1; lastKnownFileType = sourcecode.swift; path = FirstPulse.swift; sourceTree = "<group>"; };
		722C6F8065FE8DCBE696DBC8 /* LocalStore.swift */ = {isa = PBXFileReference; includeInIndex = 1; lastKnownFileType = sourcecode.swift; name = LocalStore.swift; path = Services/LocalStore.swift; sourceTree = "<group>"; };
		9229BE7DBD94D53772DB53BA /* PracticeGuidance.swift */ = {isa = PBXFileReference; includeInIndex = 1; lastKnownFileType = sourcecode.swift; path = PracticeGuidance.swift; sourceTree = "<group>"; };
		93B39750A11C662D0722B239 /* PracticeView.swift */ = {isa = PBXFileReference; includeInIndex = 1; lastKnownFileType = sourcecode.swift; name = PracticeView.swift; path = Views/PracticeView.swift; sourceTree = "<group>"; };
		942FEA2A55A1C66E0B72AB56 /* PracticeSmokeTests.swift */ = {isa = PBXFileReference; includeInIndex = 1; lastKnownFileType = sourcecode.swift; path = PracticeSmokeTests.swift; sourceTree = "<group>"; };
		961E31EA46A21D2312F37221 /* CatalogStore.swift */ = {isa = PBXFileReference; includeInIndex = 1; lastKnownFileType = sourcecode.swift; name = CatalogStore.swift; path = Services/CatalogStore.swift; sourceTree = "<group>"; };
		A760FD2E187AD9F2D67FEB3A /* MusiaTests.xctest */ = {isa = PBXFileReference; explicitFileType = wrapper.cfbundle; includeInIndex = 0; path = MusiaTests.xctest; sourceTree = BUILT_PRODUCTS_DIR; };
		AFCACF54DE1CC1E309EAEE14 /* BeginnerPracticeTests.swift */ = {isa = PBXFileReference; includeInIndex = 1; lastKnownFileType = sourcecode.swift; path = BeginnerPracticeTests.swift; sourceTree = "<group>"; };
		B5FD30026EE8CFC0A72960A3 /* LibraryView.swift */ = {isa = PBXFileReference; includeInIndex = 1; lastKnownFileType = sourcecode.swift; name = LibraryView.swift; path = Views/LibraryView.swift; sourceTree = "<group>"; };
		C789ECF9AE97F2DB3A1E92BF /* BeginnerPracticeView.swift */ = {isa = PBXFileReference; includeInIndex = 1; lastKnownFileType = sourcecode.swift; name = BeginnerPracticeView.swift; path = Views/BeginnerPracticeView.swift; sourceTree = "<group>"; };
		CF0A4D014C88ACB2433100AB /* Timeline.swift */ = {isa = PBXFileReference; includeInIndex = 1; lastKnownFileType = sourcecode.swift; path = Timeline.swift; sourceTree = "<group>"; };
		D3B8F4A6154908FBD3825319 /* Info.plist */ = {isa = PBXFileReference; includeInIndex = 1; lastKnownFileType = text.plist.xml; name = Info.plist; path = Resources/Info.plist; sourceTree = "<group>"; };
		D5466A0E65429A5BAB749EBD /* LessonsView.swift */ = {isa = PBXFileReference; includeInIndex = 1; lastKnownFileType = sourcecode.swift; name = LessonsView.swift; path = Views/LessonsView.swift; sourceTree = "<group>"; };
		E4D92B23CCC25FE63150956A /* MusiaCore.framework */ = {isa = PBXFileReference; explicitFileType = wrapper.framework; includeInIndex = 0; path = MusiaCore.framework; sourceTree = BUILT_PRODUCTS_DIR; };
		E4F3DA7BB955DBBDB73792FA /* GuitarDiagram.swift */ = {isa = PBXFileReference; includeInIndex = 1; lastKnownFileType = sourcecode.swift; name = GuitarDiagram.swift; path = Views/GuitarDiagram.swift; sourceTree = "<group>"; };
		E5B306963A85464E3629E4E0 /* ContractTests.swift */ = {isa = PBXFileReference; includeInIndex = 1; lastKnownFileType = sourcecode.swift; path = ContractTests.swift; sourceTree = "<group>"; };
		F180683DC210C1068B03CABE /* APIClientTests.swift */ = {isa = PBXFileReference; includeInIndex = 1; lastKnownFileType = sourcecode.swift; path = APIClientTests.swift; sourceTree = "<group>"; };
		F5CAAEAD4720907A9F282D0E /* LyricRendering.swift */ = {isa = PBXFileReference; includeInIndex = 1; lastKnownFileType = sourcecode.swift; path = LyricRendering.swift; sourceTree = "<group>"; };
		FAA177ACD6E19C929D0541E7 /* MusiaApp.swift */ = {isa = PBXFileReference; includeInIndex = 1; lastKnownFileType = sourcecode.swift; path = MusiaApp.swift; sourceTree = "<group>"; };
/* End PBXFileReference section */

/* Begin PBXFrameworksBuildPhase section */
		95752FECA713919C7CAB2829 /* Frameworks */ = {
			isa = PBXFrameworksBuildPhase;
			buildActionMask = 2147483647;
			files = (
				A371CADABDB1F26B49203BC3 /* Foundation.framework in Frameworks */,
			);
			runOnlyForDeploymentPostprocessing = 0;
		};
		B0737BB28512A2DBC8FD1D68 /* Frameworks */ = {
			isa = PBXFrameworksBuildPhase;
			buildActionMask = 2147483647;
			files = (
				1C8F3F0B9313B16FABF51BA9 /* Foundation.framework in Frameworks */,
				F2FE3D4C6F8ABC9A462A56FF /* MusiaCore.framework in Frameworks */,
			);
			runOnlyForDeploymentPostprocessing = 0;
		};
		DCDDEC046CB47AF7BA63E82D /* Frameworks */ = {
			isa = PBXFrameworksBuildPhase;
			buildActionMask = 2147483647;
			files = (
				94EC2A0CB5FC887BB7C0E713 /* Foundation.framework in Frameworks */,
				48B129100A2581FD0013C6A9 /* MusiaCore.framework in Frameworks */,
			);
			runOnlyForDeploymentPostprocessing = 0;
		};
		FB381A23542FB817E893BB96 /* Frameworks */ = {
			isa = PBXFrameworksBuildPhase;
			buildActionMask = 2147483647;
			files = (
				0F7EA68D7A39C1D6D49CFA8A /* Foundation.framework in Frameworks */,
			);
			runOnlyForDeploymentPostprocessing = 0;
		};
/* End PBXFrameworksBuildPhase section */

/* Begin PBXGroup section */
		0FEE30E287D45952B7647958 /* iOS */ = {
			isa = PBXGroup;
			children = (
				4F6CB7E6BD65383816082347 /* Foundation.framework */,
			);
			name = iOS;
			sourceTree = "<group>";
		};
		1E54C07E21EB802226B5B729 /* MusiaTests */ = {
			isa = PBXGroup;
			children = (
				F180683DC210C1068B03CABE /* APIClientTests.swift */,
				AFCACF54DE1CC1E309EAEE14 /* BeginnerPracticeTests.swift */,
				E5B306963A85464E3629E4E0 /* ContractTests.swift */,
				1C5318757ACFB51BB32AE981 /* LiveContractTests.swift */,
				000E6934E7CA052E012A5437 /* LyricRenderingTests.swift */,
				26A5BEB003A1B1D6FAC99B48 /* PlaybackIntegrationTests.swift */,
				0C7CED1B6F5D146915C918DA /* PracticeGuidanceTests.swift */,
				625BB40348D463D3D393950A /* TimelineTests.swift */,
			);
			name = MusiaTests;
			path = Tests/MusiaCoreTests;
			sourceTree = "<group>";
		};
		26A51C4E747B5D1F4C9D7148 /* Musia */ = {
			isa = PBXGroup;
			children = (
				FAA177ACD6E19C929D0541E7 /* MusiaApp.swift */,
				961E31EA46A21D2312F37221 /* CatalogStore.swift */,
				722C6F8065FE8DCBE696DBC8 /* LocalStore.swift */,
				67D681818E11AEC1833E58EA /* PlaybackController.swift */,
				C789ECF9AE97F2DB3A1E92BF /* BeginnerPracticeView.swift */,
				5357D38F16EFD359EE870C1E /* Components.swift */,
				E4F3DA7BB955DBBDB73792FA /* GuitarDiagram.swift */,
				55DFC0B01F3EDC9345EFCFF6 /* HistoryView.swift */,
				D5466A0E65429A5BAB749EBD /* LessonsView.swift */,
				B5FD30026EE8CFC0A72960A3 /* LibraryView.swift */,
				93B39750A11C662D0722B239 /* PracticeView.swift */,
				07BAE078D9CC6E8D9475A614 /* Assets.xcassets */,
				11A9FF7C23822BEB295EC8D4 /* PrivacyInfo.xcprivacy */,
				D3B8F4A6154908FBD3825319 /* Info.plist */,
			);
			name = Musia;
			path = Musia;
			sourceTree = "<group>";
		};
		2B513820E23FE0926DDF81CA = {
			isa = PBXGroup;
			children = (
				BCE3A12A68D2D9C2FC415AAF /* Products */,
				6F282A5135E986E76BC412F0 /* Frameworks */,
				26A51C4E747B5D1F4C9D7148 /* Musia */,
				F1D92FEBAB119038E931C802 /* MusiaCore */,
				1E54C07E21EB802226B5B729 /* MusiaTests */,
				57DC846195DC962F88EC52DF /* MusiaUITests */,
			);
			sourceTree = "<group>";
		};
		57DC846195DC962F88EC52DF /* MusiaUITests */ = {
			isa = PBXGroup;
			children = (
				942FEA2A55A1C66E0B72AB56 /* PracticeSmokeTests.swift */,
			);
			name = MusiaUITests;
			path = Tests/MusiaUITests;
			sourceTree = "<group>";
		};
		6F282A5135E986E76BC412F0 /* Frameworks */ = {
			isa = PBXGroup;
			children = (
				0FEE30E287D45952B7647958 /* iOS */,
			);
			name = Frameworks;
			sourceTree = "<group>";
		};
		BCE3A12A68D2D9C2FC415AAF /* Products */ = {
			isa = PBXGroup;
			children = (
				59D3EE03D6B0FD4C3EEF2C3F /* Musia.app */,
				E4D92B23CCC25FE63150956A /* MusiaCore.framework */,
				A760FD2E187AD9F2D67FEB3A /* MusiaTests.xctest */,
				6D7DD5661E0EAA2EBB7439F0 /* MusiaUITests.xctest */,
			);
			name = Products;
			sourceTree = "<group>";
		};
		F1D92FEBAB119038E931C802 /* MusiaCore */ = {
			isa = PBXGroup;
			children = (
				272BDC2A4ABC7C3F0FEDADEF /* APIClient.swift */,
				0EEF1897151E2F606F6E04D0 /* BeginnerPractice.swift */,
				6F46E5DFAC45D11F188F2C9E /* FirstPulse.swift */,
				58FDC7E2C3DAD729C9EC8033 /* GuitarShape.swift */,
				2A38024C8C579EC2C7D7AD75 /* History.swift */,
				F5CAAEAD4720907A9F282D0E /* LyricRendering.swift */,
				0350E8CFC76B5D978561FC23 /* Models.swift */,
				9229BE7DBD94D53772DB53BA /* PracticeGuidance.swift */,
				CF0A4D014C88ACB2433100AB /* Timeline.swift */,
			);
			name = MusiaCore;
			path = Musia/Core;
			sourceTree = "<group>";
		};
/* End PBXGroup section */

/* Begin PBXHeadersBuildPhase section */
		CE83E253A7F9FF97CC2541D6 /* Headers */ = {
			isa = PBXHeadersBuildPhase;
			buildActionMask = 2147483647;
			files = (
			);
			runOnlyForDeploymentPostprocessing = 0;
		};
/* End PBXHeadersBuildPhase section */

/* Begin PBXNativeTarget section */
		0D080B6C090A801EDF77293B /* MusiaTests */ = {
			isa = PBXNativeTarget;
			buildConfigurationList = 67F262B6E7FAE3AD89F59B89 /* Build configuration list for PBXNativeTarget "MusiaTests" */;
			buildPhases = (
				F711FD7387C7F47C362A4200 /* Sources */,
				B0737BB28512A2DBC8FD1D68 /* Frameworks */,
				8C536E3E88C961FDE0DD32DB /* Resources */,
			);
			buildRules = (
			);
			dependencies = (
				48A3CBD5FAD39CCF97C8A333 /* PBXTargetDependency */,
				ABB8C8837DC084A324263CAF /* PBXTargetDependency */,
			);
			name = MusiaTests;
			productName = MusiaTests;
			productReference = A760FD2E187AD9F2D67FEB3A /* MusiaTests.xctest */;
			productType = "com.apple.product-type.bundle.unit-test";
		};
		5E72B0E386ACF4403B8DFB3D /* MusiaUITests */ = {
			isa = PBXNativeTarget;
			buildConfigurationList = A29A3F7CE843A7E7505CDD02 /* Build configuration list for PBXNativeTarget "MusiaUITests" */;
			buildPhases = (
				DB907176A8DE332F0BF62FC9 /* Sources */,
				FB381A23542FB817E893BB96 /* Frameworks */,
				645D5D9C431A8C51F08D75F5 /* Resources */,
			);
			buildRules = (
			);
			dependencies = (
				4D36F1B612EC7223A9BED86C /* PBXTargetDependency */,
			);
			name = MusiaUITests;
			productName = MusiaUITests;
			productReference = 6D7DD5661E0EAA2EBB7439F0 /* MusiaUITests.xctest */;
			productType = "com.apple.product-type.bundle.ui-testing";
		};
		6764066112A220E36A1C350F /* Musia */ = {
			isa = PBXNativeTarget;
			buildConfigurationList = D0D24AAEDF8A8E778F680B61 /* Build configuration list for PBXNativeTarget "Musia" */;
			buildPhases = (
				1DECA1626E63EDEAF9A7400F /* Sources */,
				DCDDEC046CB47AF7BA63E82D /* Frameworks */,
				70F5F122D7D4D199167A6A78 /* Resources */,
				5FA813AFEF15668267435ADB /* Embed Frameworks */,
			);
			buildRules = (
			);
			dependencies = (
				F76E77298A47014E4FB76F0F /* PBXTargetDependency */,
			);
			name = Musia;
			productName = Musia;
			productReference = 59D3EE03D6B0FD4C3EEF2C3F /* Musia.app */;
			productType = "com.apple.product-type.application";
		};
		93234374C4A294FDBE29E101 /* MusiaCore */ = {
			isa = PBXNativeTarget;
			buildConfigurationList = D2ACF52F30763A0B79BE00BA /* Build configuration list for PBXNativeTarget "MusiaCore" */;
			buildPhases = (
				CE83E253A7F9FF97CC2541D6 /* Headers */,
				043B4E667BF1613B32850F94 /* Sources */,
				95752FECA713919C7CAB2829 /* Frameworks */,
				736DC9E5CCDBFC32AF10C707 /* Resources */,
			);
			buildRules = (
			);
			dependencies = (
			);
			name = MusiaCore;
			productName = MusiaCore;
			productReference = E4D92B23CCC25FE63150956A /* MusiaCore.framework */;
			productType = "com.apple.product-type.framework";
		};
/* End PBXNativeTarget section */

/* Begin PBXProject section */
		85E3E280B19EF7D25CE0DDF9 /* Project object */ = {
			isa = PBXProject;
			attributes = {
				LastSwiftUpdateCheck = 1600;
				LastUpgradeCheck = 1600;
			};
			buildConfigurationList = 16CAE4897B1036EDAEA86089 /* Build configuration list for PBXProject "Musia" */;
			compatibilityVersion = "Xcode 3.2";
			developmentRegion = en;
			hasScannedForEncodings = 0;
			knownRegions = (
				en,
				Base,
			);
			mainGroup = 2B513820E23FE0926DDF81CA;
			minimizedProjectReferenceProxies = 0;
			preferredProjectObjectVersion = 100;
			productRefGroup = BCE3A12A68D2D9C2FC415AAF /* Products */;
			projectDirPath = "";
			projectRoot = "";
			targets = (
				6764066112A220E36A1C350F /* Musia */,
				93234374C4A294FDBE29E101 /* MusiaCore */,
				0D080B6C090A801EDF77293B /* MusiaTests */,
				5E72B0E386ACF4403B8DFB3D /* MusiaUITests */,
			);
		};
/* End PBXProject section */

/* Begin PBXResourcesBuildPhase section */
		645D5D9C431A8C51F08D75F5 /* Resources */ = {
			isa = PBXResourcesBuildPhase;
			buildActionMask = 2147483647;
			files = (
			);
			runOnlyForDeploymentPostprocessing = 0;
		};
		70F5F122D7D4D199167A6A78 /* Resources */ = {
			isa = PBXResourcesBuildPhase;
			buildActionMask = 2147483647;
			files = (
				C96267DD7B0F99F0684A6DAE /* Assets.xcassets in Resources */,
				76DB41DD5068825DEADBDDD7 /* PrivacyInfo.xcprivacy in Resources */,
			);
			runOnlyForDeploymentPostprocessing = 0;
		};
		736DC9E5CCDBFC32AF10C707 /* Resources */ = {
			isa = PBXResourcesBuildPhase;
			buildActionMask = 2147483647;
			files = (
			);
			runOnlyForDeploymentPostprocessing = 0;
		};
		8C536E3E88C961FDE0DD32DB /* Resources */ = {
			isa = PBXResourcesBuildPhase;
			buildActionMask = 2147483647;
			files = (
			);
			runOnlyForDeploymentPostprocessing = 0;
		};
/* End PBXResourcesBuildPhase section */

/* Begin PBXSourcesBuildPhase section */
		043B4E667BF1613B32850F94 /* Sources */ = {
			isa = PBXSourcesBuildPhase;
			buildActionMask = 2147483647;
			files = (
				C830153A0E196F0E0AA06262 /* APIClient.swift in Sources */,
				8EF7606E3377CD1F11BE291E /* BeginnerPractice.swift in Sources */,
				D05D63463E224715DF464B28 /* FirstPulse.swift in Sources */,
				293BBF35BE4817C6519A39A0 /* GuitarShape.swift in Sources */,
				73F55522179CF8A4BE533284 /* History.swift in Sources */,
				19D37A4FF30ABE49D541A2FC /* LyricRendering.swift in Sources */,
				41AB55278614C7CFCC087BCA /* Models.swift in Sources */,
				787200AA13137E73C42D45AC /* PracticeGuidance.swift in Sources */,
				26BAADAC40D095F24A288811 /* Timeline.swift in Sources */,
			);
			runOnlyForDeploymentPostprocessing = 0;
		};
		1DECA1626E63EDEAF9A7400F /* Sources */ = {
			isa = PBXSourcesBuildPhase;
			buildActionMask = 2147483647;
			files = (
				CF6DCB98F6C8DEBF757FF4B1 /* MusiaApp.swift in Sources */,
				04FED320D9FC0DBB09E09EF8 /* CatalogStore.swift in Sources */,
				A8F6738EF5A5A3F980FE24B7 /* LocalStore.swift in Sources */,
				275BD2D459D2BC28805580DF /* PlaybackController.swift in Sources */,
				AD827CCA97DE7301AA002CAE /* BeginnerPracticeView.swift in Sources */,
				F1EAB96B9DB490BE95CAB2D7 /* Components.swift in Sources */,
				217D4674A4711BE713B31E35 /* GuitarDiagram.swift in Sources */,
				50F9C9F42A9AD94F8B1A6E08 /* HistoryView.swift in Sources */,
				4CFF6281B713F303DB63ED3D /* LessonsView.swift in Sources */,
				35DCCCE7945F1F0283BFC5DC /* LibraryView.swift in Sources */,
				7538ECE61C037D7F409BA701 /* PracticeView.swift in Sources */,
			);
			runOnlyForDeploymentPostprocessing = 0;
		};
		DB907176A8DE332F0BF62FC9 /* Sources */ = {
			isa = PBXSourcesBuildPhase;
			buildActionMask = 2147483647;
			files = (
				4AB636E0AE92CD265B8E5B34 /* PracticeSmokeTests.swift in Sources */,
			);
			runOnlyForDeploymentPostprocessing = 0;
		};
		F711FD7387C7F47C362A4200 /* Sources */ = {
			isa = PBXSourcesBuildPhase;
			buildActionMask = 2147483647;
			files = (
				627B1A76DFA89A2E9164E4A0 /* APIClientTests.swift in Sources */,
				3D17B36FF039ABF8B0D5A160 /* BeginnerPracticeTests.swift in Sources */,
				FB97E8060D34F02D44B5EBBD /* ContractTests.swift in Sources */,
				E92AF22876C9D07300B4516F /* LiveContractTests.swift in Sources */,
				73B23E31920333A188B0D6B8 /* LyricRenderingTests.swift in Sources */,
				DB9DE6C6AEC05374B93B28C8 /* PlaybackIntegrationTests.swift in Sources */,
				D626D97F605721BC9F96FAAC /* PracticeGuidanceTests.swift in Sources */,
				137054219CE9626C362C7603 /* TimelineTests.swift in Sources */,
			);
			runOnlyForDeploymentPostprocessing = 0;
		};
/* End PBXSourcesBuildPhase section */

/* Begin PBXTargetDependency section */
		48A3CBD5FAD39CCF97C8A333 /* PBXTargetDependency */ = {
			isa = PBXTargetDependency;
			name = Musia;
			target = 6764066112A220E36A1C350F /* Musia */;
			targetProxy = 35B04504E41FDBB46D0BE1F7 /* PBXContainerItemProxy */;
		};
		4D36F1B612EC7223A9BED86C /* PBXTargetDependency */ = {
			isa = PBXTargetDependency;
			name = Musia;
			target = 6764066112A220E36A1C350F /* Musia */;
			targetProxy = 35F6DC3631880EE4D633C5D0 /* PBXContainerItemProxy */;
		};
		ABB8C8837DC084A324263CAF /* PBXTargetDependency */ = {
			isa = PBXTargetDependency;
			name = MusiaCore;
			target = 93234374C4A294FDBE29E101 /* MusiaCore */;
			targetProxy = FC6B4B099484A86821D4AEB5 /* PBXContainerItemProxy */;
		};
		F76E77298A47014E4FB76F0F /* PBXTargetDependency */ = {
			isa = PBXTargetDependency;
			name = MusiaCore;
			target = 93234374C4A294FDBE29E101 /* MusiaCore */;
			targetProxy = 7543D06F26072C76E5596AB8 /* PBXContainerItemProxy */;
		};
/* End PBXTargetDependency section */

/* Begin XCBuildConfiguration section */
		01AFC9685C89CD38006FC88C /* Debug */ = {
			isa = XCBuildConfiguration;
			buildSettings = {
				ASSETCATALOG_COMPILER_APPICON_NAME = AppIcon;
				ASSETCATALOG_COMPILER_GLOBAL_ACCENT_COLOR_NAME = AccentColor;
				CLANG_ENABLE_OBJC_WEAK = NO;
				CODE_SIGN_STYLE = Manual;
				INFOPLIST_FILE = Musia/Resources/Info.plist;
				IPHONEOS_DEPLOYMENT_TARGET = 17.0;
				LD_RUNPATH_SEARCH_PATHS = "$(inherited) @executable_path/Frameworks @loader_path/Frameworks";
				PRODUCT_BUNDLE_IDENTIFIER = art.lazying.musia;
				PRODUCT_NAME = "$(TARGET_NAME)";
				PROVISIONING_PROFILE_SPECIFIER = "$(MUSIA_APP_PROFILE)";
				SDKROOT = iphoneos;
				SUPPORTS_MACCATALYST = NO;
				SWIFT_VERSION = 5.0;
				TARGETED_DEVICE_FAMILY = "1,2";
			};
			name = Debug;
		};
		249D800688F1D291E62EA86D /* Release */ = {
			isa = XCBuildConfiguration;
			buildSettings = {
				CLANG_ENABLE_OBJC_WEAK = NO;
				CODE_SIGN_STYLE = Manual;
				GENERATE_INFOPLIST_FILE = YES;
				IPHONEOS_DEPLOYMENT_TARGET = 17.0;
				LD_RUNPATH_SEARCH_PATHS = "$(inherited) @executable_path/Frameworks @loader_path/Frameworks";
				PRODUCT_BUNDLE_IDENTIFIER = art.lazying.musia.uitests;
				PRODUCT_NAME = "$(TARGET_NAME)";
				SDKROOT = iphoneos;
				SWIFT_VERSION = 5.0;
				TARGETED_DEVICE_FAMILY = "1,2";
				TEST_TARGET_NAME = Musia;
				VALIDATE_PRODUCT = YES;
			};
			name = Release;
		};
		3E3FD386CB66F58845264095 /* Release */ = {
			isa = XCBuildConfiguration;
			buildSettings = {
				BUNDLE_LOADER = "$(TEST_HOST)";
				CLANG_ENABLE_OBJC_WEAK = NO;
				CODE_SIGN_STYLE = Manual;
				GENERATE_INFOPLIST_FILE = YES;
				IPHONEOS_DEPLOYMENT_TARGET = 17.0;
				LD_RUNPATH_SEARCH_PATHS = "$(inherited) @executable_path/Frameworks @loader_path/Frameworks";
				PRODUCT_BUNDLE_IDENTIFIER = art.lazying.musia.tests;
				PRODUCT_NAME = "$(TARGET_NAME)";
				SDKROOT = iphoneos;
				SWIFT_VERSION = 5.0;
				TARGETED_DEVICE_FAMILY = "1,2";
				TEST_HOST = "$(BUILT_PRODUCTS_DIR)/Musia.app/Musia";
				VALIDATE_PRODUCT = YES;
			};
			name = Release;
		};
		70A1E4880EE6774720FDEB98 /* Debug */ = {
			isa = XCBuildConfiguration;
			buildSettings = {
				BUNDLE_LOADER = "$(TEST_HOST)";
				CLANG_ENABLE_OBJC_WEAK = NO;
				CODE_SIGN_STYLE = Manual;
				GENERATE_INFOPLIST_FILE = YES;
				IPHONEOS_DEPLOYMENT_TARGET = 17.0;
				LD_RUNPATH_SEARCH_PATHS = "$(inherited) @executable_path/Frameworks @loader_path/Frameworks";
				PRODUCT_BUNDLE_IDENTIFIER = art.lazying.musia.tests;
				PRODUCT_NAME = "$(TARGET_NAME)";
				SDKROOT = iphoneos;
				SWIFT_VERSION = 5.0;
				TARGETED_DEVICE_FAMILY = "1,2";
				TEST_HOST = "$(BUILT_PRODUCTS_DIR)/Musia.app/Musia";
			};
			name = Debug;
		};
		73A3EE62349AC64A0DE0BB72 /* Release */ = {
			isa = XCBuildConfiguration;
			buildSettings = {
				ASSETCATALOG_COMPILER_APPICON_NAME = AppIcon;
				ASSETCATALOG_COMPILER_GLOBAL_ACCENT_COLOR_NAME = AccentColor;
				CLANG_ENABLE_OBJC_WEAK = NO;
				CODE_SIGN_STYLE = Manual;
				INFOPLIST_FILE = Musia/Resources/Info.plist;
				IPHONEOS_DEPLOYMENT_TARGET = 17.0;
				LD_RUNPATH_SEARCH_PATHS = "$(inherited) @executable_path/Frameworks @loader_path/Frameworks";
				PRODUCT_BUNDLE_IDENTIFIER = art.lazying.musia;
				PRODUCT_NAME = "$(TARGET_NAME)";
				PROVISIONING_PROFILE_SPECIFIER = "$(MUSIA_APP_PROFILE)";
				SDKROOT = iphoneos;
				SUPPORTS_MACCATALYST = NO;
				SWIFT_VERSION = 5.0;
				TARGETED_DEVICE_FAMILY = "1,2";
				VALIDATE_PRODUCT = YES;
			};
			name = Release;
		};
		77B3C7C7DA499100F26E1AFB /* Debug */ = {
			isa = XCBuildConfiguration;
			buildSettings = {
				ALWAYS_SEARCH_USER_PATHS = NO;
				CLANG_ANALYZER_NONNULL = YES;
				CLANG_ANALYZER_NUMBER_OBJECT_CONVERSION = YES_AGGRESSIVE;
				CLANG_CXX_LANGUAGE_STANDARD = "gnu++14";
				CLANG_CXX_LIBRARY = "libc++";
				CLANG_ENABLE_MODULES = YES;
				CLANG_ENABLE_OBJC_ARC = YES;
				CLANG_ENABLE_OBJC_WEAK = YES;
				CLANG_WARN_BLOCK_CAPTURE_AUTORELEASING = YES;
				CLANG_WARN_BOOL_CONVERSION = YES;
				CLANG_WARN_COMMA = YES;
				CLANG_WARN_CONSTANT_CONVERSION = YES;
				CLANG_WARN_DEPRECATED_OBJC_IMPLEMENTATIONS = YES;
				CLANG_WARN_DIRECT_OBJC_ISA_USAGE = YES_ERROR;
				CLANG_WARN_DOCUMENTATION_COMMENTS = YES;
				CLANG_WARN_EMPTY_BODY = YES;
				CLANG_WARN_ENUM_CONVERSION = YES;
				CLANG_WARN_INFINITE_RECURSION = YES;
				CLANG_WARN_INT_CONVERSION = YES;
				CLANG_WARN_NON_LITERAL_NULL_CONVERSION = YES;
				CLANG_WARN_OBJC_IMPLICIT_RETAIN_SELF = YES;
				CLANG_WARN_OBJC_LITERAL_CONVERSION = YES;
				CLANG_WARN_OBJC_ROOT_CLASS = YES_ERROR;
				CLANG_WARN_QUOTED_INCLUDE_IN_FRAMEWORK_HEADER = YES;
				CLANG_WARN_RANGE_LOOP_ANALYSIS = YES;
				CLANG_WARN_STRICT_PROTOTYPES = YES;
				CLANG_WARN_SUSPICIOUS_MOVE = YES;
				CLANG_WARN_UNGUARDED_AVAILABILITY = YES_AGGRESSIVE;
				CLANG_WARN_UNREACHABLE_CODE = YES;
				CLANG_WARN__DUPLICATE_METHOD_MATCH = YES;
				CODE_SIGN_STYLE = Manual;
				COPY_PHASE_STRIP = NO;
				CURRENT_PROJECT_VERSION = 4;
				DEBUG_INFORMATION_FORMAT = dwarf;
				DEVELOPMENT_TEAM = "";
				ENABLE_STRICT_OBJC_MSGSEND = YES;
				ENABLE_TESTABILITY = YES;
				ENABLE_USER_SCRIPT_SANDBOXING = YES;
				GCC_C_LANGUAGE_STANDARD = gnu11;
				GCC_DYNAMIC_NO_PIC = NO;
				GCC_NO_COMMON_BLOCKS = YES;
				GCC_OPTIMIZATION_LEVEL = 0;
				GCC_PREPROCESSOR_DEFINITIONS = (
					"DEBUG=1",
					"$(inherited)",
				);
				GCC_WARN_64_TO_32_BIT_CONVERSION = YES;
				GCC_WARN_ABOUT_RETURN_TYPE = YES_ERROR;
				GCC_WARN_UNDECLARED_SELECTOR = YES;
				GCC_WARN_UNINITIALIZED_AUTOS = YES_AGGRESSIVE;
				GCC_WARN_UNUSED_FUNCTION = YES;
				GCC_WARN_UNUSED_VARIABLE = YES;
				IPHONEOS_DEPLOYMENT_TARGET = 17.0;
				MARKETING_VERSION = 0.1.2;
				MTL_ENABLE_DEBUG_INFO = INCLUDE_SOURCE;
				MTL_FAST_MATH = YES;
				ONLY_ACTIVE_ARCH = YES;
				PRODUCT_NAME = "$(TARGET_NAME)";
				SWIFT_ACTIVE_COMPILATION_CONDITIONS = DEBUG;
				SWIFT_OPTIMIZATION_LEVEL = "-Onone";
				SWIFT_VERSION = 5.0;
				TARGETED_DEVICE_FAMILY = "1,2";
			};
			name = Debug;
		};
		7B459F7F7136F71BF31FB35C /* Debug */ = {
			isa = XCBuildConfiguration;
			buildSettings = {
				CLANG_ENABLE_OBJC_WEAK = NO;
				CODE_SIGN_STYLE = Manual;
				CURRENT_PROJECT_VERSION = 1;
				DEFINES_MODULE = YES;
				DYLIB_COMPATIBILITY_VERSION = 1;
				DYLIB_CURRENT_VERSION = 1;
				DYLIB_INSTALL_NAME_BASE = "@rpath";
				GENERATE_INFOPLIST_FILE = YES;
				INSTALL_PATH = "$(LOCAL_LIBRARY_DIR)/Frameworks";
				IPHONEOS_DEPLOYMENT_TARGET = 17.0;
				LD_RUNPATH_SEARCH_PATHS = "$(inherited) @executable_path/Frameworks @loader_path/Frameworks";
				PRODUCT_BUNDLE_IDENTIFIER = art.lazying.musia.core;
				PRODUCT_NAME = "$(TARGET_NAME)";
				SDKROOT = iphoneos;
				SKIP_INSTALL = YES;
				SWIFT_VERSION = 5.0;
				TARGETED_DEVICE_FAMILY = "1,2";
				VERSIONING_SYSTEM = "apple-generic";
				VERSION_INFO_PREFIX = "";
			};
			name = Debug;
		};
		C0F1ED192C77DB5C88CBD702 /* Release */ = {
			isa = XCBuildConfiguration;
			buildSettings = {
				ALWAYS_SEARCH_USER_PATHS = NO;
				CLANG_ANALYZER_NONNULL = YES;
				CLANG_ANALYZER_NUMBER_OBJECT_CONVERSION = YES_AGGRESSIVE;
				CLANG_CXX_LANGUAGE_STANDARD = "gnu++14";
				CLANG_CXX_LIBRARY = "libc++";
				CLANG_ENABLE_MODULES = YES;
				CLANG_ENABLE_OBJC_ARC = YES;
				CLANG_ENABLE_OBJC_WEAK = YES;
				CLANG_WARN_BLOCK_CAPTURE_AUTORELEASING = YES;
				CLANG_WARN_BOOL_CONVERSION = YES;
				CLANG_WARN_COMMA = YES;
				CLANG_WARN_CONSTANT_CONVERSION = YES;
				CLANG_WARN_DEPRECATED_OBJC_IMPLEMENTATIONS = YES;
				CLANG_WARN_DIRECT_OBJC_ISA_USAGE = YES_ERROR;
				CLANG_WARN_DOCUMENTATION_COMMENTS = YES;
				CLANG_WARN_EMPTY_BODY = YES;
				CLANG_WARN_ENUM_CONVERSION = YES;
				CLANG_WARN_INFINITE_RECURSION = YES;
				CLANG_WARN_INT_CONVERSION = YES;
				CLANG_WARN_NON_LITERAL_NULL_CONVERSION = YES;
				CLANG_WARN_OBJC_IMPLICIT_RETAIN_SELF = YES;
				CLANG_WARN_OBJC_LITERAL_CONVERSION = YES;
				CLANG_WARN_OBJC_ROOT_CLASS = YES_ERROR;
				CLANG_WARN_QUOTED_INCLUDE_IN_FRAMEWORK_HEADER = YES;
				CLANG_WARN_RANGE_LOOP_ANALYSIS = YES;
				CLANG_WARN_STRICT_PROTOTYPES = YES;
				CLANG_WARN_SUSPICIOUS_MOVE = YES;
				CLANG_WARN_UNGUARDED_AVAILABILITY = YES_AGGRESSIVE;
				CLANG_WARN_UNREACHABLE_CODE = YES;
				CLANG_WARN__DUPLICATE_METHOD_MATCH = YES;
				CODE_SIGN_STYLE = Manual;
				COPY_PHASE_STRIP = NO;
				CURRENT_PROJECT_VERSION = 4;
				DEBUG_INFORMATION_FORMAT = "dwarf-with-dsym";
				DEVELOPMENT_TEAM = "";
				ENABLE_NS_ASSERTIONS = NO;
				ENABLE_STRICT_OBJC_MSGSEND = YES;
				ENABLE_TESTABILITY = NO;
				ENABLE_USER_SCRIPT_SANDBOXING = YES;
				GCC_C_LANGUAGE_STANDARD = gnu11;
				GCC_NO_COMMON_BLOCKS = YES;
				GCC_WARN_64_TO_32_BIT_CONVERSION = YES;
				GCC_WARN_ABOUT_RETURN_TYPE = YES_ERROR;
				GCC_WARN_UNDECLARED_SELECTOR = YES;
				GCC_WARN_UNINITIALIZED_AUTOS = YES_AGGRESSIVE;
				GCC_WARN_UNUSED_FUNCTION = YES;
				GCC_WARN_UNUSED_VARIABLE = YES;
				IPHONEOS_DEPLOYMENT_TARGET = 17.0;
				MARKETING_VERSION = 0.1.2;
				MTL_ENABLE_DEBUG_INFO = NO;
				MTL_FAST_MATH = YES;
				PRODUCT_NAME = "$(TARGET_NAME)";
				SWIFT_COMPILATION_MODE = wholemodule;
				SWIFT_OPTIMIZATION_LEVEL = "-O";
				SWIFT_VERSION = 5.0;
				TARGETED_DEVICE_FAMILY = "1,2";
			};
			name = Release;
		};
		D609E5724D8CE942BAF4CE0D /* Debug */ = {
			isa = XCBuildConfiguration;
			buildSettings = {
				CLANG_ENABLE_OBJC_WEAK = NO;
				CODE_SIGN_STYLE = Manual;
				GENERATE_INFOPLIST_FILE = YES;
				IPHONEOS_DEPLOYMENT_TARGET = 17.0;
				LD_RUNPATH_SEARCH_PATHS = "$(inherited) @executable_path/Frameworks @loader_path/Frameworks";
				PRODUCT_BUNDLE_IDENTIFIER = art.lazying.musia.uitests;
				PRODUCT_NAME = "$(TARGET_NAME)";
				SDKROOT = iphoneos;
				SWIFT_VERSION = 5.0;
				TARGETED_DEVICE_FAMILY = "1,2";
				TEST_TARGET_NAME = Musia;
			};
			name = Debug;
		};
		F4DA657A020162B6302AB551 /* Release */ = {
			isa = XCBuildConfiguration;
			buildSettings = {
				CLANG_ENABLE_OBJC_WEAK = NO;
				CODE_SIGN_STYLE = Manual;
				CURRENT_PROJECT_VERSION = 1;
				DEFINES_MODULE = YES;
				DYLIB_COMPATIBILITY_VERSION = 1;
				DYLIB_CURRENT_VERSION = 1;
				DYLIB_INSTALL_NAME_BASE = "@rpath";
				GENERATE_INFOPLIST_FILE = YES;
				INSTALL_PATH = "$(LOCAL_LIBRARY_DIR)/Frameworks";
				IPHONEOS_DEPLOYMENT_TARGET = 17.0;
				LD_RUNPATH_SEARCH_PATHS = "$(inherited) @executable_path/Frameworks @loader_path/Frameworks";
				PRODUCT_BUNDLE_IDENTIFIER = art.lazying.musia.core;
				PRODUCT_NAME = "$(TARGET_NAME)";
				SDKROOT = iphoneos;
				SKIP_INSTALL = YES;
				SWIFT_VERSION = 5.0;
				TARGETED_DEVICE_FAMILY = "1,2";
				VALIDATE_PRODUCT = YES;
				VERSIONING_SYSTEM = "apple-generic";
				VERSION_INFO_PREFIX = "";
			};
			name = Release;
		};
/* End XCBuildConfiguration section */

/* Begin XCConfigurationList section */
		16CAE4897B1036EDAEA86089 /* Build configuration list for PBXProject "Musia" */ = {
			isa = XCConfigurationList;
			buildConfigurations = (
				77B3C7C7DA499100F26E1AFB /* Debug */,
				C0F1ED192C77DB5C88CBD702 /* Release */,
			);
			defaultConfigurationIsVisible = 0;
			defaultConfigurationName = Release;
		};
		67F262B6E7FAE3AD89F59B89 /* Build configuration list for PBXNativeTarget "MusiaTests" */ = {
			isa = XCConfigurationList;
			buildConfigurations = (
				3E3FD386CB66F58845264095 /* Release */,
				70A1E4880EE6774720FDEB98 /* Debug */,
			);
			defaultConfigurationIsVisible = 0;
			defaultConfigurationName = Release;
		};
		A29A3F7CE843A7E7505CDD02 /* Build configuration list for PBXNativeTarget "MusiaUITests" */ = {
			isa = XCConfigurationList;
			buildConfigurations = (
				249D800688F1D291E62EA86D /* Release */,
				D609E5724D8CE942BAF4CE0D /* Debug */,
			);
			defaultConfigurationIsVisible = 0;
			defaultConfigurationName = Release;
		};
		D0D24AAEDF8A8E778F680B61 /* Build configuration list for PBXNativeTarget "Musia" */ = {
			isa = XCConfigurationList;
			buildConfigurations = (
				73A3EE62349AC64A0DE0BB72 /* Release */,
				01AFC9685C89CD38006FC88C /* Debug */,
			);
			defaultConfigurationIsVisible = 0;
			defaultConfigurationName = Release;
		};
		D2ACF52F30763A0B79BE00BA /* Build configuration list for PBXNativeTarget "MusiaCore" */ = {
			isa = XCConfigurationList;
			buildConfigurations = (
				F4DA657A020162B6302AB551 /* Release */,
				7B459F7F7136F71BF31FB35C /* Debug */,
			);
			defaultConfigurationIsVisible = 0;
			defaultConfigurationName = Release;
		};
/* End XCConfigurationList section */
	};
	rootObject = 85E3E280B19EF7D25CE0DDF9 /* Project object */;
}
